// !$*UTF8*$!
{
	archiveVersion = 1;
	classes = {
	};
	objectVersion = 46;
	objects = {

/* Begin PBXBuildFile section */
		A444080D1CF8941B00D8421D /* main.m in Sources */ = {isa = PBXBuildFile; fileRef = A444080C1CF8941B00D8421D /* main.m */; };
		A44408101CF8941B00D8421D /* AppDelegate.m in Sources */ = {isa = PBXBuildFile; fileRef = A444080F1CF8941B00D8421D /* AppDelegate.m */; };
		A44408131CF8941B00D8421D /* ViewController.m in Sources */ = {isa = PBXBuildFile; fileRef = A44408121CF8941B00D8421D /* ViewController.m */; };
		A44408161CF8941B00D8421D /* Main.storyboard in Resources */ = {isa = PBXBuildFile; fileRef = A44408141CF8941B00D8421D /* Main.storyboard */; };
		A44408181CF8941B00D8421D /* Assets.xcassets in Resources */ = {isa = PBXBuildFile; fileRef = A44408171CF8941B00D8421D /* Assets.xcassets */; };
		A444081B1CF8941B00D8421D /* LaunchScreen.storyboard in Resources */ = {isa = PBXBuildFile; fileRef = A44408191CF8941B00D8421D /* LaunchScreen.storyboard */; };
/* End PBXBuildFile section */

/* Begin PBXFileReference section */
		A44408081CF8941B00D8421D /* Webview.app */ = {isa = PBXFileReference; explicitFileType = wrapper.application; includeInIndex = 0; path = Webview.app; sourceTree = BUILT_PRODUCTS_DIR; };
		A444080C1CF8941B00D8421D /* main.m */ = {isa = PBXFileReference; lastKnownFileType = sourcecode.c.objc; path = main.m; sourceTree = "<group>"; };
		A444080E1CF8941B00D8421D /* AppDelegate.h */ = {isa = PBXFileReference; lastKnownFileType = sourcecode.c.h; path = AppDelegate.h; sourceTree = "<group>"; };
		A444080F1CF8941B00D8421D /* AppDelegate.m */ = {isa = PBXFileReference; lastKnownFileType = sourcecode.c.objc; path = AppDelegate.m; sourceTree = "<group>"; };
		A44408111CF8941B00D8421D /* ViewController.h */ = {isa = PBXFileReference; lastKnownFileType = sourcecode.c.h; path = ViewController.h; sourceTree = "<group>"; };
		A44408121CF8941B00D8421D /* ViewController.m */ = {isa = PBXFileReference; lastKnownFileType = sourcecode.c.objc; path = ViewController.m; sourceTree = "<group>"; };
		A44408151CF8941B00D8421D /* Base */ = {isa = PBXFileReference; lastKnownFileType = file.storyboard; name = Base; path = Base.lproj/Main.storyboard; sourceTree = "<group>"; };
		A44408171CF8941B00D8421D /* Assets.xcassets */ = {isa = PBXFileReference; lastKnownFileType = folder.assetcatalog; path = Assets.xcassets; sourceTree = "<group>"; };
		A444081A1CF8941B00D8421D /* Base */ = {isa = PBXFileReference; lastKnownFileType = file.storyboard; name = Base; path = Base.lproj/LaunchScreen.storyboard; sourceTree = "<group>"; };
		A444081C1CF8941B00D8421D /* Info.plist */ = {isa = PBXFileReference; lastKnownFileType = text.plist.xml; path = Info.plist; sourceTree = "<group>"; };
/* End PBXFileReference section */

/* Begin PBXFrameworksBuildPhase section */
		A44408051CF8941B00D8421D /* Frameworks */ = {
			isa = PBXFrameworksBuildPhase;
			buildActionMask = 2147483647;
			files = (
			);
			runOnlyForDeploymentPostprocessing = 0;
		};
/* End PBXFrameworksBuildPhase section */

/* Begin PBXGroup section */
		A44407FF1CF8941B00D8421D = {
			isa = PBXGroup;
			children = (
				A444080A1CF8941B00D8421D /* Webview */,
				A44408091CF8941B00D8421D /* Products */,
			);
			sourceTree = "<group>";
		};
		A44408091CF8941B00D8421D /* Products */ = {
			isa = PBXGroup;
			children = (
				A44408081CF8941B00D8421D /* Webview.app */,
			);
			name = Products;
			sourceTree = "<group>";
		};
		A444080A1CF8941B00D8421D /* Webview */ = {
			isa = PBXGroup;
			children = (
				A444080E1CF8941B00D8421D /* AppDelegate.h */,
				A444080F1CF8941B00D8421D /* AppDelegate.m */,
				A44408111CF8941B00D8421D /* ViewController.h */,
				A44408121CF8941B00D8421D /* ViewController.m */,
				A44408141CF8941B00D8421D /* Main.storyboard */,
				A44408171CF8941B00D8421D /* Assets.xcassets */,
				A44408191CF8941B00D8421D /* LaunchScreen.storyboard */,
				A444081C1CF8941B00D8421D /* Info.plist */,
				A444080B1CF8941B00D8421D /* Supporting Files */,
			);
			path = Webview;
			sourceTree = "<group>";
		};
		A444080B1CF8941B00D8421D /* Supporting Files */ = {
			isa = PBXGroup;
			children = (
				A444080C1CF8941B00D8421D /* main.m */,
			);
			name = "Supporting Files";
			sourceTree = "<group>";
		};
/* End PBXGroup section */

/* Begin PBXNativeTarget section */
		A44408071CF8941B00D8421D /* Webview */ = {
			isa = PBXNativeTarget;
			buildConfigurationList = A444081F1CF8941B00D8421D /* Build configuration list for PBXNativeTarget "Webview" */;
			buildPhases = (
				A44408041CF8941B00D8421D /* Sources */,
				A44408051CF8941B00D8421D /* Frameworks */,
				A44408061CF8941B00D8421D /* Resources */,
			);
			buildRules = (
			);
			dependencies = (
			);
			name = Webview;
			productName = Webview;
			productReference = A44408081CF8941B00D8421D /* Webview.app */;
			productType = "com.apple.product-type.application";
		};
/* End PBXNativeTarget section */

/* Begin PBXProject section */
		A44408001CF8941B00D8421D /* Project object */ = {
			isa = PBXProject;
			attributes = {
				LastUpgradeCheck = 0730;
				ORGANIZATIONNAME = "Lapetus Solutions Inc.";
				TargetAttributes = {
					A44408071CF8941B00D8421D = {
						CreatedOnToolsVersion = 7.3.1;
					};
				};
			};
			buildConfigurationList = A44408031CF8941B00D8421D /* Build configuration list for PBXProject "Webview" */;
			compatibilityVersion = "Xcode 3.2";
			developmentRegion = English;
			hasScannedForEncodings = 0;
			knownRegions = (
				en,
				Base,
			);
			mainGroup = A44407FF1CF8941B00D8421D;
			productRefGroup = A44408091CF8941B00D8421D /* Products */;
			projectDirPath = "";
			projectRoot = "";
			targets = (
				A44408071CF8941B00D8421D /* Webview */,
			);
		};
/* End PBXProject section */

/* Begin PBXResourcesBuildPhase section */
		A44408061CF8941B00D8421D /* Resources */ = {
			isa = PBXResourcesBuildPhase;
			buildActionMask = 2147483647;
			files = (
				A444081B1CF8941B00D8421D /* LaunchScreen.storyboard in Resources */,
				A44408181CF8941B00D8421D /* Assets.xcassets in Resources */,
				A44408161CF8941B00D8421D /* Main.storyboard in Resources */,
			);
			runOnlyForDeploymentPostprocessing = 0;
		};
/* End PBXResourcesBuildPhase section */

/* Begin PBXSourcesBuildPhase section */
		A44408041CF8941B00D8421D /* Sources */ = {
			isa = PBXSourcesBuildPhase;
			buildActionMask = 2147483647;
			files = (
				A44408131CF8941B00D8421D /* ViewController.m in Sources */,
				A44408101CF8941B00D8421D /* AppDelegate.m in Sources */,
				A444080D1CF8941B00D8421D /* main.m in Sources */,
			);
			runOnlyForDeploymentPostprocessing = 0;
		};
/* End PBXSourcesBuildPhase section */

/* Begin PBXVariantGroup section */
		A44408141CF8941B00D8421D /* Main.storyboard */ = {
			isa = PBXVariantGroup;
			children = (
				A44408151CF8941B00D8421D /* Base */,
			);
			name = Main.storyboard;
			sourceTree = "<group>";
		};
		A44408191CF8941B00D8421D /* LaunchScreen.storyboard */ = {
			isa = PBXVariantGroup;
			children = (
				A444081A1CF8941B00D8421D /* Base */,
			);
			name = LaunchScreen.storyboard;
			sourceTree = "<group>";
		};
/* End PBXVariantGroup section */

/* Begin XCBuildConfiguration section */
		A444081D1CF8941B00D8421D /* Debug */ = {
			isa = XCBuildConfiguration;
			buildSettings = {
				ALWAYS_SEARCH_USER_PATHS = NO;
				CLANG_ANALYZER_NONNULL = YES;
				CLANG_CXX_LANGUAGE_STANDARD = "gnu++0x";
				CLANG_CXX_LIBRARY = "libc++";
				CLANG_ENABLE_MODULES = YES;
				CLANG_ENABLE_OBJC_ARC = YES;
				CLANG_WARN_BOOL_CONVERSION = YES;
				CLANG_WARN_CONSTANT_CONVERSION = YES;
				CLANG_WARN_DIRECT_OBJC_ISA_USAGE = YES_ERROR;
				CLANG_WARN_EMPTY_BODY = YES;
				CLANG_WARN_ENUM_CONVERSION = YES;
				CLANG_WARN_INT_CONVERSION = YES;
				CLANG_WARN_OBJC_ROOT_CLASS = YES_ERROR;
				CLANG_WARN_UNREACHABLE_CODE = YES;
				CLANG_WARN__DUPLICATE_METHOD_MATCH = YES;
				"CODE_SIGN_IDENTITY[sdk=iphoneos*]" = "iPhone Developer";
				COPY_PHASE_STRIP = NO;
				DEBUG_INFORMATION_FORMAT = dwarf;
				ENABLE_STRICT_OBJC_MSGSEND = YES;
				ENABLE_TESTABILITY = YES;
				GCC_C_LANGUAGE_STANDARD = gnu99;
				GCC_DYNAMIC_NO_PIC = NO;
				GCC_NO_COMMON_BLOCKS = YES;
				GCC_OPTIMIZATION_LEVEL = 0;
				GCC_PREPROCESSOR_DEFINITIONS = (
					"DEBUG=1",
					"$(inherited)",
				);
				GCC_WARN_64_TO_32_BIT_CONVERSION = YES;
				GCC_WARN_ABOUT_RETURN_TYPE = YES_ERROR;
				GCC_WARN_UNDECLARED_SELECTOR = YES;
				GCC_WARN_UNINITIALIZED_AUTOS = YES_AGGRESSIVE;
				GCC_WARN_UNUSED_FUNCTION = YES;
				GCC_WARN_UNUSED_VARIABLE = YES;
				IPHONEOS_DEPLOYMENT_TARGET = 9.3;
				MTL_ENABLE_DEBUG_INFO = YES;
				ONLY_ACTIVE_ARCH = YES;
				SDKROOT = iphoneos;
				TARGETED_DEVICE_FAMILY = "1,2";
			};
			name = Debug;
		};
		A444081E1CF8941B00D8421D /* Release */ = {
			isa = XCBuildConfiguration;
			buildSettings = {
				ALWAYS_SEARCH_USER_PATHS = NO;
				CLANG_ANALYZER_NONNULL = YES;
				CLANG_CXX_LANGUAGE_STANDARD = "gnu++0x";
				CLANG_CXX_LIBRARY = "libc++";
				CLANG_ENABLE_MODULES = YES;
				CLANG_ENABLE_OBJC_ARC = YES;
				CLANG_WARN_BOOL_CONVERSION = YES;
				CLANG_WARN_CONSTANT_CONVERSION = YES;
				CLANG_WARN_DIRECT_OBJC_ISA_USAGE = YES_ERROR;
				CLANG_WARN_EMPTY_BODY = YES;
				CLANG_WARN_ENUM_CONVERSION = YES;
				CLANG_WARN_INT_CONVERSION = YES;
				CLANG_WARN_OBJC_ROOT_CLASS = YES_ERROR;
				CLANG_WARN_UNREACHABLE_CODE = YES;
				CLANG_WARN__DUPLICATE_METHOD_MATCH = YES;
				"CODE_SIGN_IDENTITY[sdk=iphoneos*]" = "iPhone Developer";
				COPY_PHASE_STRIP = NO;
				DEBUG_INFORMATION_FORMAT = "dwarf-with-dsym";
				ENABLE_NS_ASSERTIONS = NO;
				ENABLE_STRICT_OBJC_MSGSEND = YES;
				GCC_C_LANGUAGE_STANDARD = gnu99;
				GCC_NO_COMMON_BLOCKS = YES;
				GCC_WARN_64_TO_32_BIT_CONVERSION = YES;
				GCC_WARN_ABOUT_RETURN_TYPE = YES_ERROR;
				GCC_WARN_UNDECLARED_SELECTOR = YES;
				GCC_WARN_UNINITIALIZED_AUTOS = YES_AGGRESSIVE;
				GCC_WARN_UNUSED_FUNCTION = YES;
				GCC_WARN_UNUSED_VARIABLE = YES;
				IPHONEOS_DEPLOYMENT_TARGET = 9.3;
				MTL_ENABLE_DEBUG_INFO = NO;
				SDKROOT = iphoneos;
				TARGETED_DEVICE_FAMILY = "1,2";
				VALIDATE_PRODUCT = YES;
			};
			name = Release;
		};
		A44408201CF8941B00D8421D /* Debug */ = {
			isa = XCBuildConfiguration;
			buildSettings = {
				ASSETCATALOG_COMPILER_APPICON_NAME = AppIcon;
				INFOPLIST_FILE = Webview/Info.plist;
				LD_RUNPATH_SEARCH_PATHS = "$(inherited) @executable_path/Frameworks";
				PRODUCT_BUNDLE_IDENTIFIER = com.lapetussolutions.Webview;
				PRODUCT_NAME = "$(TARGET_NAME)";
			};
			name = Debug;
		};
		A44408211CF8941B00D8421D /* Release */ = {
			isa = XCBuildConfiguration;
			buildSettings = {
				ASSETCATALOG_COMPILER_APPICON_NAME = AppIcon;
				INFOPLIST_FILE = Webview/Info.plist;
				LD_RUNPATH_SEARCH_PATHS = "$(inherited) @executable_path/Frameworks";
				PRODUCT_BUNDLE_IDENTIFIER = com.lapetussolutions.Webview;
				PRODUCT_NAME = "$(TARGET_NAME)";
			};
			name = Release;
		};
/* End XCBuildConfiguration section */

/* Begin XCConfigurationList section */
		A44408031CF8941B00D8421D /* Build configuration list for PBXProject "Webview" */ = {
			isa = XCConfigurationList;
			buildConfigurations = (
				A444081D1CF8941B00D8421D /* Debug */,
				A444081E1CF8941B00D8421D /* Release */,
			);
			defaultConfigurationIsVisible = 0;
			defaultConfigurationName = Release;
		};
		A444081F1CF8941B00D8421D /* Build configuration list for PBXNativeTarget "Webview" */ = {
			isa = XCConfigurationList;
			buildConfigurations = (
				A44408201CF8941B00D8421D /* Debug */,
				A44408211CF8941B00D8421D /* Release */,
			);
			defaultConfigurationIsVisible = 0;
		};
/* End XCConfigurationList section */
	};
	rootObject = A44408001CF8941B00D8421D /* Project object */;
}
