// !$*UTF8*$!
{
	archiveVersion = 1;
	classes = {
	};
	objectVersion = 46;
	objects = {

/* Begin PBXBuildFile section */
		A414247F1D02C3F60028933E /* LOGO_r1_c1.png in Resources */ = {isa = PBXBuildFile; fileRef = A414247E1D02C3F60028933E /* LOGO_r1_c1.png */; };
		A41AE3C11DCA57150089231D /* Images.xcassets in Resources */ = {isa = PBXBuildFile; fileRef = A41AE3C01DCA57150089231D /* Images.xcassets */; };
		A4347FBD1D7BC9440033306A /* ReyComplexFigure2ViewController.swift in Sources */ = {isa = PBXBuildFile; fileRef = A4347FBB1D7BC9440033306A /* ReyComplexFigure2ViewController.swift */; };
		A4347FBE1D7BC9440033306A /* ReyComplexFigure2ViewController.xib in Resources */ = {isa = PBXBuildFile; fileRef = A4347FBC1D7BC9440033306A /* ReyComplexFigure2ViewController.xib */; };
		A4347FC11D7BC9E20033306A /* StroopViewController.swift in Sources */ = {isa = PBXBuildFile; fileRef = A4347FBF1D7BC9E20033306A /* StroopViewController.swift */; };
		A4347FC21D7BC9E20033306A /* StroopViewController.xib in Resources */ = {isa = PBXBuildFile; fileRef = A4347FC01D7BC9E20033306A /* StroopViewController.xib */; };
		A4347FC51D7BC9FC0033306A /* ReyComplexFigure3ViewController.swift in Sources */ = {isa = PBXBuildFile; fileRef = A4347FC31D7BC9FC0033306A /* ReyComplexFigure3ViewController.swift */; };
		A4347FC61D7BC9FC0033306A /* ReyComplexFigure3ViewController.xib in Resources */ = {isa = PBXBuildFile; fileRef = A4347FC41D7BC9FC0033306A /* ReyComplexFigure3ViewController.xib */; };
		A4347FC91D7BCA280033306A /* DigitalSpanViewController.swift in Sources */ = {isa = PBXBuildFile; fileRef = A4347FC71D7BCA280033306A /* DigitalSpanViewController.swift */; };
		A4347FCA1D7BCA280033306A /* DigitalSpanViewController.xib in Resources */ = {isa = PBXBuildFile; fileRef = A4347FC81D7BCA280033306A /* DigitalSpanViewController.xib */; };
		A4347FCD1D7BCA570033306A /* ReyFigureComplex4ViewController.swift in Sources */ = {isa = PBXBuildFile; fileRef = A4347FCB1D7BCA570033306A /* ReyFigureComplex4ViewController.swift */; };
		A4347FCE1D7BCA570033306A /* ReyFigureComplex4ViewController.xib in Resources */ = {isa = PBXBuildFile; fileRef = A4347FCC1D7BCA570033306A /* ReyFigureComplex4ViewController.xib */; };
		A4347FD11D7BCA950033306A /* MatricesViewController.swift in Sources */ = {isa = PBXBuildFile; fileRef = A4347FCF1D7BCA950033306A /* MatricesViewController.swift */; };
		A4347FD21D7BCA950033306A /* MatricesViewController.xib in Resources */ = {isa = PBXBuildFile; fileRef = A4347FD01D7BCA950033306A /* MatricesViewController.xib */; };
		A4347FD51D7BCABC0033306A /* PegboardViewController.swift in Sources */ = {isa = PBXBuildFile; fileRef = A4347FD31D7BCABC0033306A /* PegboardViewController.swift */; };
		A4347FD61D7BCABC0033306A /* PegboardViewController.xib in Resources */ = {isa = PBXBuildFile; fileRef = A4347FD41D7BCABC0033306A /* PegboardViewController.xib */; };
		A4347FD91D7BCAFB0033306A /* PitchViewController.swift in Sources */ = {isa = PBXBuildFile; fileRef = A4347FD71D7BCAFB0033306A /* PitchViewController.swift */; };
		A4347FDA1D7BCAFB0033306A /* PitchViewController.xib in Resources */ = {isa = PBXBuildFile; fileRef = A4347FD81D7BCAFB0033306A /* PitchViewController.xib */; };
		A4347FDD1D7BCB260033306A /* WordListViewController.swift in Sources */ = {isa = PBXBuildFile; fileRef = A4347FDB1D7BCB260033306A /* WordListViewController.swift */; };
		A4347FDE1D7BCB260033306A /* WordListViewController.xib in Resources */ = {isa = PBXBuildFile; fileRef = A4347FDC1D7BCB260033306A /* WordListViewController.xib */; };
		A4347FE01D7BCB800033306A /* NamingTaskViewController.xib in Resources */ = {isa = PBXBuildFile; fileRef = A4347FDF1D7BCB800033306A /* NamingTaskViewController.xib */; };
		A4347FE31D7BCC170033306A /* MultipleErrandsViewController.swift in Sources */ = {isa = PBXBuildFile; fileRef = A4347FE11D7BCC170033306A /* MultipleErrandsViewController.swift */; };
		A4347FE41D7BCC170033306A /* MultipleErrandsViewController.xib in Resources */ = {isa = PBXBuildFile; fileRef = A4347FE21D7BCC170033306A /* MultipleErrandsViewController.xib */; };
		A4347FE71D7BCC4C0033306A /* ComprehensionViewController.swift in Sources */ = {isa = PBXBuildFile; fileRef = A4347FE51D7BCC4C0033306A /* ComprehensionViewController.swift */; };
		A4347FE81D7BCC4C0033306A /* ComprehensionViewController.xib in Resources */ = {isa = PBXBuildFile; fileRef = A4347FE61D7BCC4C0033306A /* ComprehensionViewController.xib */; };
		A43E98B21D506B29008F54C3 /* NamingTaskViewController.swift in Sources */ = {isa = PBXBuildFile; fileRef = A43E98B11D506B29008F54C3 /* NamingTaskViewController.swift */; };
		A44669321E1631A600EA7E2E /* ListenButton.swift in Sources */ = {isa = PBXBuildFile; fileRef = A44669311E1631A600EA7E2E /* ListenButton.swift */; };
		A44669341E16435C00EA7E2E /* PlayButton.swift in Sources */ = {isa = PBXBuildFile; fileRef = A44669331E16435C00EA7E2E /* PlayButton.swift */; };
		A44669361E16443D00EA7E2E /* play2.png in Resources */ = {isa = PBXBuildFile; fileRef = A44669351E16443D00EA7E2E /* play2.png */; };
		A44669381E16457600EA7E2E /* RecordButton.swift in Sources */ = {isa = PBXBuildFile; fileRef = A44669371E16457600EA7E2E /* RecordButton.swift */; };
		A4632C731DAE4629004B71BD /* speaker.png in Resources */ = {isa = PBXBuildFile; fileRef = A4632C721DAE4629004B71BD /* speaker.png */; };
		A46A2C641DD66108000AC66C /* SystemConfiguration.framework in Frameworks */ = {isa = PBXBuildFile; fileRef = A46A2C631DD66108000AC66C /* SystemConfiguration.framework */; };
		A46A2C661DD7AB91000AC66C /* Reachability.swift in Sources */ = {isa = PBXBuildFile; fileRef = A46A2C651DD7AB91000AC66C /* Reachability.swift */; };
		A46A2C681DD96FF0000AC66C /* APIWrapper.swift in Sources */ = {isa = PBXBuildFile; fileRef = A46A2C671DD96FF0000AC66C /* APIWrapper.swift */; };
		A46C140F1D798FC30066EF37 /* CPTViewController.swift in Sources */ = {isa = PBXBuildFile; fileRef = A46C140D1D798FC30066EF37 /* CPTViewController.swift */; };
		A46C14101D798FC30066EF37 /* CPTViewController.xib in Resources */ = {isa = PBXBuildFile; fileRef = A46C140E1D798FC30066EF37 /* CPTViewController.xib */; };
		A46C14171D7999AF0066EF37 /* CancellationTestViewController.swift in Sources */ = {isa = PBXBuildFile; fileRef = A46C14151D7999AF0066EF37 /* CancellationTestViewController.swift */; };
		A46C14181D7999AF0066EF37 /* CancellationTestViewController.xib in Resources */ = {isa = PBXBuildFile; fileRef = A46C14161D7999AF0066EF37 /* CancellationTestViewController.xib */; };
		A46C141B1D79A8870066EF37 /* EyeTestViewController.swift in Sources */ = {isa = PBXBuildFile; fileRef = A46C14191D79A8870066EF37 /* EyeTestViewController.swift */; };
		A46C141C1D79A8870066EF37 /* EyeTestViewController.xib in Resources */ = {isa = PBXBuildFile; fileRef = A46C141A1D79A8870066EF37 /* EyeTestViewController.xib */; };
		A46C141F1D79AA110066EF37 /* ReyComplexFigureViewController.swift in Sources */ = {isa = PBXBuildFile; fileRef = A46C141D1D79AA110066EF37 /* ReyComplexFigureViewController.swift */; };
		A46C14201D79AA110066EF37 /* ReyComplexFigureViewController.xib in Resources */ = {isa = PBXBuildFile; fileRef = A46C141E1D79AA110066EF37 /* ReyComplexFigureViewController.xib */; };
		A46C14231D79AA7C0066EF37 /* ClockDrawingTestViewController.swift in Sources */ = {isa = PBXBuildFile; fileRef = A46C14211D79AA7C0066EF37 /* ClockDrawingTestViewController.swift */; };
		A46C14241D79AA7C0066EF37 /* ClockDrawingTestViewController.xib in Resources */ = {isa = PBXBuildFile; fileRef = A46C14221D79AA7C0066EF37 /* ClockDrawingTestViewController.xib */; };
		A46C14271D79AACD0066EF37 /* TrailMakingTestViewController.swift in Sources */ = {isa = PBXBuildFile; fileRef = A46C14251D79AACD0066EF37 /* TrailMakingTestViewController.swift */; };
		A46C14281D79AACD0066EF37 /* TrailMakingTestViewController.xib in Resources */ = {isa = PBXBuildFile; fileRef = A46C14261D79AACD0066EF37 /* TrailMakingTestViewController.xib */; };
		A46C142B1D79AB3F0066EF37 /* MOCAMMSETestViewController.swift in Sources */ = {isa = PBXBuildFile; fileRef = A46C14291D79AB3F0066EF37 /* MOCAMMSETestViewController.swift */; };
		A46C142C1D79AB3F0066EF37 /* MOCAMMSETestViewController.xib in Resources */ = {isa = PBXBuildFile; fileRef = A46C142A1D79AB3F0066EF37 /* MOCAMMSETestViewController.xib */; };
		A4773D0B1D9D849100E5CCEE /* listen.png in Resources */ = {isa = PBXBuildFile; fileRef = A4773D0A1D9D849100E5CCEE /* listen.png */; };
		A4773D0D1D9D84A900E5CCEE /* play.png in Resources */ = {isa = PBXBuildFile; fileRef = A4773D0C1D9D84A900E5CCEE /* play.png */; };
		A4773D0F1D9D84B200E5CCEE /* record.png in Resources */ = {isa = PBXBuildFile; fileRef = A4773D0E1D9D84B200E5CCEE /* record.png */; };
		A479B3072040A40A0037EA1D /* GoogleService-Info.plist in Resources */ = {isa = PBXBuildFile; fileRef = A479B3062040A40A0037EA1D /* GoogleService-Info.plist */; };
		A47EB6E31DA65FFB00A68AF6 /* FinishedViewController.swift in Sources */ = {isa = PBXBuildFile; fileRef = A47EB6E11DA65FFB00A68AF6 /* FinishedViewController.swift */; };
		A47EB6E41DA65FFB00A68AF6 /* FinishedViewController.xib in Resources */ = {isa = PBXBuildFile; fileRef = A47EB6E21DA65FFB00A68AF6 /* FinishedViewController.xib */; };
		A4828EB61F967ED700406F19 /* LoadingScreenViewController.swift in Sources */ = {isa = PBXBuildFile; fileRef = A4828EB41F967ED700406F19 /* LoadingScreenViewController.swift */; };
		A4828EB71F967ED700406F19 /* LoadingScreenViewController.xib in Resources */ = {isa = PBXBuildFile; fileRef = A4828EB51F967ED700406F19 /* LoadingScreenViewController.xib */; };
		A489D6181E0B535A001F56FE /* SettingsViewController.swift in Sources */ = {isa = PBXBuildFile; fileRef = A489D6161E0B535A001F56FE /* SettingsViewController.swift */; };
		A489D6191E0B535A001F56FE /* SettingsViewController.xib in Resources */ = {isa = PBXBuildFile; fileRef = A489D6171E0B535A001F56FE /* SettingsViewController.xib */; };
		A489D61C1E0BA255001F56FE /* AdminViewController.swift in Sources */ = {isa = PBXBuildFile; fileRef = A489D61A1E0BA255001F56FE /* AdminViewController.swift */; };
		A489D61D1E0BA255001F56FE /* AdminViewController.xib in Resources */ = {isa = PBXBuildFile; fileRef = A489D61B1E0BA255001F56FE /* AdminViewController.xib */; };
		A48B4DC51CF9E7C700878928 /* AppDelegate.swift in Sources */ = {isa = PBXBuildFile; fileRef = A48B4DC41CF9E7C700878928 /* AppDelegate.swift */; };
		A48B4DC71CF9E7C700878928 /* ViewController.swift in Sources */ = {isa = PBXBuildFile; fileRef = A48B4DC61CF9E7C700878928 /* ViewController.swift */; };
		A48B4DCA1CF9E7C700878928 /* Main.storyboard in Resources */ = {isa = PBXBuildFile; fileRef = A48B4DC81CF9E7C700878928 /* Main.storyboard */; };
		A48B4DCD1CF9E7C700878928 /* Embraced.xcdatamodeld in Sources */ = {isa = PBXBuildFile; fileRef = A48B4DCB1CF9E7C700878928 /* Embraced.xcdatamodeld */; };
		A48B4DCF1CF9E7C700878928 /* Assets.xcassets in Resources */ = {isa = PBXBuildFile; fileRef = A48B4DCE1CF9E7C700878928 /* Assets.xcassets */; };
		A48B4DD21CF9E7C700878928 /* LaunchScreen.storyboard in Resources */ = {isa = PBXBuildFile; fileRef = A48B4DD01CF9E7C700878928 /* LaunchScreen.storyboard */; };
		A48D60E81FF5AC4F0042FBCA /* LibraryAPI.swift in Sources */ = {isa = PBXBuildFile; fileRef = A48D60E71FF5AC4F0042FBCA /* LibraryAPI.swift */; };
		A48D60F41FF704D60042FBCA /* UserCollectionViewCell.swift in Sources */ = {isa = PBXBuildFile; fileRef = A48D60F21FF704D60042FBCA /* UserCollectionViewCell.swift */; };
		A48D60F51FF704D60042FBCA /* UserCollectionViewCell.xib in Resources */ = {isa = PBXBuildFile; fileRef = A48D60F31FF704D60042FBCA /* UserCollectionViewCell.xib */; };
		A490D7C51D09162800D2B59D /* UserInputViewController.swift in Sources */ = {isa = PBXBuildFile; fileRef = A490D7C41D09162800D2B59D /* UserInputViewController.swift */; };
		A490D7D21D0919CB00D2B59D /* Roboto-Black.ttf in Resources */ = {isa = PBXBuildFile; fileRef = A490D7C61D0919CB00D2B59D /* Roboto-Black.ttf */; };
		A490D7D31D0919CB00D2B59D /* Roboto-BlackItalic.ttf in Resources */ = {isa = PBXBuildFile; fileRef = A490D7C71D0919CB00D2B59D /* Roboto-BlackItalic.ttf */; };
		A490D7D41D0919CB00D2B59D /* Roboto-Bold.ttf in Resources */ = {isa = PBXBuildFile; fileRef = A490D7C81D0919CB00D2B59D /* Roboto-Bold.ttf */; };
		A490D7D51D0919CB00D2B59D /* Roboto-BoldItalic.ttf in Resources */ = {isa = PBXBuildFile; fileRef = A490D7C91D0919CB00D2B59D /* Roboto-BoldItalic.ttf */; };
		A490D7D61D0919CB00D2B59D /* Roboto-Italic.ttf in Resources */ = {isa = PBXBuildFile; fileRef = A490D7CA1D0919CB00D2B59D /* Roboto-Italic.ttf */; };
		A490D7D71D0919CB00D2B59D /* Roboto-Light.ttf in Resources */ = {isa = PBXBuildFile; fileRef = A490D7CB1D0919CB00D2B59D /* Roboto-Light.ttf */; };
		A490D7D81D0919CB00D2B59D /* Roboto-LightItalic.ttf in Resources */ = {isa = PBXBuildFile; fileRef = A490D7CC1D0919CB00D2B59D /* Roboto-LightItalic.ttf */; };
		A490D7D91D0919CB00D2B59D /* Roboto-Medium.ttf in Resources */ = {isa = PBXBuildFile; fileRef = A490D7CD1D0919CB00D2B59D /* Roboto-Medium.ttf */; };
		A490D7DA1D0919CB00D2B59D /* Roboto-MediumItalic.ttf in Resources */ = {isa = PBXBuildFile; fileRef = A490D7CE1D0919CB00D2B59D /* Roboto-MediumItalic.ttf */; };
		A490D7DB1D0919CB00D2B59D /* Roboto-Regular.ttf in Resources */ = {isa = PBXBuildFile; fileRef = A490D7CF1D0919CB00D2B59D /* Roboto-Regular.ttf */; };
		A490D7DC1D0919CB00D2B59D /* Roboto-Thin.ttf in Resources */ = {isa = PBXBuildFile; fileRef = A490D7D01D0919CB00D2B59D /* Roboto-Thin.ttf */; };
		A490D7DD1D0919CB00D2B59D /* Roboto-ThinItalic.ttf in Resources */ = {isa = PBXBuildFile; fileRef = A490D7D11D0919CB00D2B59D /* Roboto-ThinItalic.ttf */; };
		A4A8F8321DA4A1A8006F9FF3 /* NavigationButton.swift in Sources */ = {isa = PBXBuildFile; fileRef = A4A8F8311DA4A1A8006F9FF3 /* NavigationButton.swift */; };
		A4AB688B1DE4BE9A0009808D /* DownloadOperation.swift in Sources */ = {isa = PBXBuildFile; fileRef = A4AB688A1DE4BE9A0009808D /* DownloadOperation.swift */; };
		A4AB688D1DE4D4730009808D /* DownloadMangager.swift in Sources */ = {isa = PBXBuildFile; fileRef = A4AB688C1DE4D4730009808D /* DownloadMangager.swift */; };
		A4AE36E31DFC545400727DFD /* WebViewController.swift in Sources */ = {isa = PBXBuildFile; fileRef = A4AE36E21DFC545400727DFD /* WebViewController.swift */; };
		A4BB08EC1D7EDFFA00B76C64 /* QuestionnaireViewController.swift in Sources */ = {isa = PBXBuildFile; fileRef = A4BB08EA1D7EDFFA00B76C64 /* QuestionnaireViewController.swift */; };
		A4BB08ED1D7EDFFA00B76C64 /* QuestionnaireViewController.xib in Resources */ = {isa = PBXBuildFile; fileRef = A4BB08EB1D7EDFFA00B76C64 /* QuestionnaireViewController.xib */; };
		A4BB08EF1D82550900B76C64 /* UserInputViewController.xib in Resources */ = {isa = PBXBuildFile; fileRef = A4BB08EE1D82550900B76C64 /* UserInputViewController.xib */; };
		A4C469A71E134B5900FDD5D5 /* UserViewController.swift in Sources */ = {isa = PBXBuildFile; fileRef = A4C469A51E134B5900FDD5D5 /* UserViewController.swift */; };
		A4C469A81E134B5900FDD5D5 /* UserViewController.xib in Resources */ = {isa = PBXBuildFile; fileRef = A4C469A61E134B5900FDD5D5 /* UserViewController.xib */; };
		A4C71C0E1D33570100CD5FB1 /* Embraced_bg.png in Resources */ = {isa = PBXBuildFile; fileRef = A4C71C0D1D33570100CD5FB1 /* Embraced_bg.png */; };
		A4D9041F1D2380380092D6AA /* FrontViewController.swift in Sources */ = {isa = PBXBuildFile; fileRef = A4D9041D1D2380380092D6AA /* FrontViewController.swift */; };
		A4D904221D23810C0092D6AA /* EmbracedTextField.swift in Sources */ = {isa = PBXBuildFile; fileRef = A4D904211D23810C0092D6AA /* EmbracedTextField.swift */; };
		A4DB0FB41DFB2CA1000811B6 /* DataManager.swift in Sources */ = {isa = PBXBuildFile; fileRef = A4DB0FB31DFB2CA1000811B6 /* DataManager.swift */; };
		A4DF9F221E08FBC90084EAF9 /* Localizable.strings in Resources */ = {isa = PBXBuildFile; fileRef = A4DF9F241E08FBC90084EAF9 /* Localizable.strings */; };
		A4DF9F271E08FEFA0084EAF9 /* StringExtension.swift in Sources */ = {isa = PBXBuildFile; fileRef = A4DF9F261E08FEFA0084EAF9 /* StringExtension.swift */; };
		A4DFA8C71DC6AEE30056F05D /* StartViewController.swift in Sources */ = {isa = PBXBuildFile; fileRef = A4DFA8C51DC6AEE30056F05D /* StartViewController.swift */; };
		A4DFA8C81DC6AEE30056F05D /* StartViewController.xib in Resources */ = {isa = PBXBuildFile; fileRef = A4DFA8C61DC6AEE30056F05D /* StartViewController.xib */; };
		A4E5B54B1FBC4B3C00FAB073 /* TestOrder.swift in Sources */ = {isa = PBXBuildFile; fileRef = A4E5B54A1FBC4B3C00FAB073 /* TestOrder.swift */; };
		A4FC1E991DD2BE4500F19D95 /* WordList2ViewController.swift in Sources */ = {isa = PBXBuildFile; fileRef = A4FC1E971DD2BE4500F19D95 /* WordList2ViewController.swift */; };
		A4FC1E9A1DD2BE4500F19D95 /* WordList2ViewController.xib in Resources */ = {isa = PBXBuildFile; fileRef = A4FC1E981DD2BE4500F19D95 /* WordList2ViewController.xib */; };
		DD7D49BC9E47B49E27EB6157 /* Pods_Embraced.framework in Frameworks */ = {isa = PBXBuildFile; fileRef = EDA38C79360DDC24DE307CBD /* Pods_Embraced.framework */; };
/* End PBXBuildFile section */

/* Begin PBXFileReference section */
		9F375DDA1676C302A2C3E45B /* Pods-Embraced.debug.xcconfig */ = {isa = PBXFileReference; includeInIndex = 1; lastKnownFileType = text.xcconfig; name = "Pods-Embraced.debug.xcconfig"; path = "Pods/Target Support Files/Pods-Embraced/Pods-Embraced.debug.xcconfig"; sourceTree = "<group>"; };
		A414247E1D02C3F60028933E /* LOGO_r1_c1.png */ = {isa = PBXFileReference; lastKnownFileType = image.png; path = LOGO_r1_c1.png; sourceTree = "<group>"; };
		A41AE3C01DCA57150089231D /* Images.xcassets */ = {isa = PBXFileReference; lastKnownFileType = folder.assetcatalog; path = Images.xcassets; sourceTree = "<group>"; };
		A4347FBB1D7BC9440033306A /* ReyComplexFigure2ViewController.swift */ = {isa = PBXFileReference; fileEncoding = 4; lastKnownFileType = sourcecode.swift; name = ReyComplexFigure2ViewController.swift; path = controllers/ReyComplexFigure2ViewController.swift; sourceTree = "<group>"; };
		A4347FBC1D7BC9440033306A /* ReyComplexFigure2ViewController.xib */ = {isa = PBXFileReference; fileEncoding = 4; lastKnownFileType = file.xib; name = ReyComplexFigure2ViewController.xib; path = controllers/ReyComplexFigure2ViewController.xib; sourceTree = "<group>"; };
		A4347FBF1D7BC9E20033306A /* StroopViewController.swift */ = {isa = PBXFileReference; fileEncoding = 4; lastKnownFileType = sourcecode.swift; name = StroopViewController.swift; path = controllers/StroopViewController.swift; sourceTree = "<group>"; };
		A4347FC01D7BC9E20033306A /* StroopViewController.xib */ = {isa = PBXFileReference; fileEncoding = 4; lastKnownFileType = file.xib; name = StroopViewController.xib; path = controllers/StroopViewController.xib; sourceTree = "<group>"; };
		A4347FC31D7BC9FC0033306A /* ReyComplexFigure3ViewController.swift */ = {isa = PBXFileReference; fileEncoding = 4; lastKnownFileType = sourcecode.swift; name = ReyComplexFigure3ViewController.swift; path = controllers/ReyComplexFigure3ViewController.swift; sourceTree = "<group>"; };
		A4347FC41D7BC9FC0033306A /* ReyComplexFigure3ViewController.xib */ = {isa = PBXFileReference; fileEncoding = 4; lastKnownFileType = file.xib; name = ReyComplexFigure3ViewController.xib; path = controllers/ReyComplexFigure3ViewController.xib; sourceTree = "<group>"; };
		A4347FC71D7BCA280033306A /* DigitalSpanViewController.swift */ = {isa = PBXFileReference; fileEncoding = 4; lastKnownFileType = sourcecode.swift; name = DigitalSpanViewController.swift; path = controllers/DigitalSpanViewController.swift; sourceTree = "<group>"; };
		A4347FC81D7BCA280033306A /* DigitalSpanViewController.xib */ = {isa = PBXFileReference; fileEncoding = 4; lastKnownFileType = file.xib; name = DigitalSpanViewController.xib; path = controllers/DigitalSpanViewController.xib; sourceTree = "<group>"; };
		A4347FCB1D7BCA570033306A /* ReyFigureComplex4ViewController.swift */ = {isa = PBXFileReference; fileEncoding = 4; lastKnownFileType = sourcecode.swift; name = ReyFigureComplex4ViewController.swift; path = controllers/ReyFigureComplex4ViewController.swift; sourceTree = "<group>"; };
		A4347FCC1D7BCA570033306A /* ReyFigureComplex4ViewController.xib */ = {isa = PBXFileReference; fileEncoding = 4; lastKnownFileType = file.xib; name = ReyFigureComplex4ViewController.xib; path = controllers/ReyFigureComplex4ViewController.xib; sourceTree = "<group>"; };
		A4347FCF1D7BCA950033306A /* MatricesViewController.swift */ = {isa = PBXFileReference; fileEncoding = 4; lastKnownFileType = sourcecode.swift; name = MatricesViewController.swift; path = controllers/MatricesViewController.swift; sourceTree = "<group>"; };
		A4347FD01D7BCA950033306A /* MatricesViewController.xib */ = {isa = PBXFileReference; fileEncoding = 4; lastKnownFileType = file.xib; name = MatricesViewController.xib; path = controllers/MatricesViewController.xib; sourceTree = "<group>"; };
		A4347FD31D7BCABC0033306A /* PegboardViewController.swift */ = {isa = PBXFileReference; fileEncoding = 4; lastKnownFileType = sourcecode.swift; name = PegboardViewController.swift; path = controllers/PegboardViewController.swift; sourceTree = "<group>"; };
		A4347FD41D7BCABC0033306A /* PegboardViewController.xib */ = {isa = PBXFileReference; fileEncoding = 4; lastKnownFileType = file.xib; name = PegboardViewController.xib; path = controllers/PegboardViewController.xib; sourceTree = "<group>"; };
		A4347FD71D7BCAFB0033306A /* PitchViewController.swift */ = {isa = PBXFileReference; fileEncoding = 4; lastKnownFileType = sourcecode.swift; name = PitchViewController.swift; path = controllers/PitchViewController.swift; sourceTree = "<group>"; };
		A4347FD81D7BCAFB0033306A /* PitchViewController.xib */ = {isa = PBXFileReference; fileEncoding = 4; lastKnownFileType = file.xib; name = PitchViewController.xib; path = controllers/PitchViewController.xib; sourceTree = "<group>"; };
		A4347FDB1D7BCB260033306A /* WordListViewController.swift */ = {isa = PBXFileReference; fileEncoding = 4; lastKnownFileType = sourcecode.swift; name = WordListViewController.swift; path = controllers/WordListViewController.swift; sourceTree = "<group>"; };
		A4347FDC1D7BCB260033306A /* WordListViewController.xib */ = {isa = PBXFileReference; fileEncoding = 4; lastKnownFileType = file.xib; name = WordListViewController.xib; path = controllers/WordListViewController.xib; sourceTree = "<group>"; };
		A4347FDF1D7BCB800033306A /* NamingTaskViewController.xib */ = {isa = PBXFileReference; fileEncoding = 4; lastKnownFileType = file.xib; name = NamingTaskViewController.xib; path = controllers/NamingTaskViewController.xib; sourceTree = "<group>"; };
		A4347FE11D7BCC170033306A /* MultipleErrandsViewController.swift */ = {isa = PBXFileReference; fileEncoding = 4; lastKnownFileType = sourcecode.swift; name = MultipleErrandsViewController.swift; path = controllers/MultipleErrandsViewController.swift; sourceTree = "<group>"; };
		A4347FE21D7BCC170033306A /* MultipleErrandsViewController.xib */ = {isa = PBXFileReference; fileEncoding = 4; lastKnownFileType = file.xib; name = MultipleErrandsViewController.xib; path = controllers/MultipleErrandsViewController.xib; sourceTree = "<group>"; };
		A4347FE51D7BCC4C0033306A /* ComprehensionViewController.swift */ = {isa = PBXFileReference; fileEncoding = 4; lastKnownFileType = sourcecode.swift; name = ComprehensionViewController.swift; path = controllers/ComprehensionViewController.swift; sourceTree = "<group>"; };
		A4347FE61D7BCC4C0033306A /* ComprehensionViewController.xib */ = {isa = PBXFileReference; fileEncoding = 4; lastKnownFileType = file.xib; name = ComprehensionViewController.xib; path = controllers/ComprehensionViewController.xib; sourceTree = "<group>"; };
		A43E98B11D506B29008F54C3 /* NamingTaskViewController.swift */ = {isa = PBXFileReference; fileEncoding = 4; lastKnownFileType = sourcecode.swift; name = NamingTaskViewController.swift; path = controllers/NamingTaskViewController.swift; sourceTree = "<group>"; };
		A44669311E1631A600EA7E2E /* ListenButton.swift */ = {isa = PBXFileReference; fileEncoding = 4; lastKnownFileType = sourcecode.swift; path = ListenButton.swift; sourceTree = "<group>"; };
		A44669331E16435C00EA7E2E /* PlayButton.swift */ = {isa = PBXFileReference; fileEncoding = 4; lastKnownFileType = sourcecode.swift; path = PlayButton.swift; sourceTree = "<group>"; };
		A44669351E16443D00EA7E2E /* play2.png */ = {isa = PBXFileReference; lastKnownFileType = image.png; path = play2.png; sourceTree = "<group>"; };
		A44669371E16457600EA7E2E /* RecordButton.swift */ = {isa = PBXFileReference; fileEncoding = 4; lastKnownFileType = sourcecode.swift; path = RecordButton.swift; sourceTree = "<group>"; };
		A4632C721DAE4629004B71BD /* speaker.png */ = {isa = PBXFileReference; lastKnownFileType = image.png; path = speaker.png; sourceTree = "<group>"; };
		A46A2C631DD66108000AC66C /* SystemConfiguration.framework */ = {isa = PBXFileReference; lastKnownFileType = wrapper.framework; name = SystemConfiguration.framework; path = System/Library/Frameworks/SystemConfiguration.framework; sourceTree = SDKROOT; };
		A46A2C651DD7AB91000AC66C /* Reachability.swift */ = {isa = PBXFileReference; fileEncoding = 4; lastKnownFileType = sourcecode.swift; path = Reachability.swift; sourceTree = "<group>"; };
		A46A2C671DD96FF0000AC66C /* APIWrapper.swift */ = {isa = PBXFileReference; fileEncoding = 4; lastKnownFileType = sourcecode.swift; path = APIWrapper.swift; sourceTree = "<group>"; };
		A46C140D1D798FC30066EF37 /* CPTViewController.swift */ = {isa = PBXFileReference; fileEncoding = 4; lastKnownFileType = sourcecode.swift; name = CPTViewController.swift; path = controllers/CPTViewController.swift; sourceTree = "<group>"; };
		A46C140E1D798FC30066EF37 /* CPTViewController.xib */ = {isa = PBXFileReference; fileEncoding = 4; lastKnownFileType = file.xib; name = CPTViewController.xib; path = controllers/CPTViewController.xib; sourceTree = "<group>"; };
		A46C14151D7999AF0066EF37 /* CancellationTestViewController.swift */ = {isa = PBXFileReference; fileEncoding = 4; lastKnownFileType = sourcecode.swift; name = CancellationTestViewController.swift; path = controllers/CancellationTestViewController.swift; sourceTree = "<group>"; };
		A46C14161D7999AF0066EF37 /* CancellationTestViewController.xib */ = {isa = PBXFileReference; fileEncoding = 4; lastKnownFileType = file.xib; name = CancellationTestViewController.xib; path = controllers/CancellationTestViewController.xib; sourceTree = "<group>"; };
		A46C14191D79A8870066EF37 /* EyeTestViewController.swift */ = {isa = PBXFileReference; fileEncoding = 4; lastKnownFileType = sourcecode.swift; name = EyeTestViewController.swift; path = controllers/EyeTestViewController.swift; sourceTree = "<group>"; };
		A46C141A1D79A8870066EF37 /* EyeTestViewController.xib */ = {isa = PBXFileReference; fileEncoding = 4; lastKnownFileType = file.xib; name = EyeTestViewController.xib; path = controllers/EyeTestViewController.xib; sourceTree = "<group>"; };
		A46C141D1D79AA110066EF37 /* ReyComplexFigureViewController.swift */ = {isa = PBXFileReference; fileEncoding = 4; lastKnownFileType = sourcecode.swift; name = ReyComplexFigureViewController.swift; path = controllers/ReyComplexFigureViewController.swift; sourceTree = "<group>"; };
		A46C141E1D79AA110066EF37 /* ReyComplexFigureViewController.xib */ = {isa = PBXFileReference; fileEncoding = 4; lastKnownFileType = file.xib; name = ReyComplexFigureViewController.xib; path = controllers/ReyComplexFigureViewController.xib; sourceTree = "<group>"; };
		A46C14211D79AA7C0066EF37 /* ClockDrawingTestViewController.swift */ = {isa = PBXFileReference; fileEncoding = 4; lastKnownFileType = sourcecode.swift; name = ClockDrawingTestViewController.swift; path = controllers/ClockDrawingTestViewController.swift; sourceTree = "<group>"; };
		A46C14221D79AA7C0066EF37 /* ClockDrawingTestViewController.xib */ = {isa = PBXFileReference; fileEncoding = 4; lastKnownFileType = file.xib; name = ClockDrawingTestViewController.xib; path = controllers/ClockDrawingTestViewController.xib; sourceTree = "<group>"; };
		A46C14251D79AACD0066EF37 /* TrailMakingTestViewController.swift */ = {isa = PBXFileReference; fileEncoding = 4; lastKnownFileType = sourcecode.swift; name = TrailMakingTestViewController.swift; path = controllers/TrailMakingTestViewController.swift; sourceTree = "<group>"; };
		A46C14261D79AACD0066EF37 /* TrailMakingTestViewController.xib */ = {isa = PBXFileReference; fileEncoding = 4; lastKnownFileType = file.xib; name = TrailMakingTestViewController.xib; path = controllers/TrailMakingTestViewController.xib; sourceTree = "<group>"; };
		A46C14291D79AB3F0066EF37 /* MOCAMMSETestViewController.swift */ = {isa = PBXFileReference; fileEncoding = 4; lastKnownFileType = sourcecode.swift; name = MOCAMMSETestViewController.swift; path = controllers/MOCAMMSETestViewController.swift; sourceTree = "<group>"; };
		A46C142A1D79AB3F0066EF37 /* MOCAMMSETestViewController.xib */ = {isa = PBXFileReference; fileEncoding = 4; lastKnownFileType = file.xib; name = MOCAMMSETestViewController.xib; path = controllers/MOCAMMSETestViewController.xib; sourceTree = "<group>"; };
		A4773D0A1D9D849100E5CCEE /* listen.png */ = {isa = PBXFileReference; lastKnownFileType = image.png; path = listen.png; sourceTree = "<group>"; };
		A4773D0C1D9D84A900E5CCEE /* play.png */ = {isa = PBXFileReference; lastKnownFileType = image.png; path = play.png; sourceTree = "<group>"; };
		A4773D0E1D9D84B200E5CCEE /* record.png */ = {isa = PBXFileReference; lastKnownFileType = image.png; path = record.png; sourceTree = "<group>"; };
		A479B3062040A40A0037EA1D /* GoogleService-Info.plist */ = {isa = PBXFileReference; fileEncoding = 4; lastKnownFileType = text.plist.xml; path = "GoogleService-Info.plist"; sourceTree = "<group>"; };
		A47EB6E11DA65FFB00A68AF6 /* FinishedViewController.swift */ = {isa = PBXFileReference; fileEncoding = 4; lastKnownFileType = sourcecode.swift; name = FinishedViewController.swift; path = controllers/FinishedViewController.swift; sourceTree = "<group>"; };
		A47EB6E21DA65FFB00A68AF6 /* FinishedViewController.xib */ = {isa = PBXFileReference; fileEncoding = 4; lastKnownFileType = file.xib; name = FinishedViewController.xib; path = controllers/FinishedViewController.xib; sourceTree = "<group>"; };
		A4828EB41F967ED700406F19 /* LoadingScreenViewController.swift */ = {isa = PBXFileReference; lastKnownFileType = sourcecode.swift; name = LoadingScreenViewController.swift; path = controllers/LoadingScreenViewController.swift; sourceTree = "<group>"; };
		A4828EB51F967ED700406F19 /* LoadingScreenViewController.xib */ = {isa = PBXFileReference; lastKnownFileType = file.xib; name = LoadingScreenViewController.xib; path = controllers/LoadingScreenViewController.xib; sourceTree = "<group>"; };
		A489D6161E0B535A001F56FE /* SettingsViewController.swift */ = {isa = PBXFileReference; fileEncoding = 4; lastKnownFileType = sourcecode.swift; path = SettingsViewController.swift; sourceTree = "<group>"; };
		A489D6171E0B535A001F56FE /* SettingsViewController.xib */ = {isa = PBXFileReference; fileEncoding = 4; lastKnownFileType = file.xib; path = SettingsViewController.xib; sourceTree = "<group>"; };
		A489D61A1E0BA255001F56FE /* AdminViewController.swift */ = {isa = PBXFileReference; fileEncoding = 4; lastKnownFileType = sourcecode.swift; path = AdminViewController.swift; sourceTree = "<group>"; };
		A489D61B1E0BA255001F56FE /* AdminViewController.xib */ = {isa = PBXFileReference; fileEncoding = 4; lastKnownFileType = file.xib; path = AdminViewController.xib; sourceTree = "<group>"; };
		A48B4DC11CF9E7C600878928 /* Embraced.app */ = {isa = PBXFileReference; explicitFileType = wrapper.application; includeInIndex = 0; path = Embraced.app; sourceTree = BUILT_PRODUCTS_DIR; };
		A48B4DC41CF9E7C700878928 /* AppDelegate.swift */ = {isa = PBXFileReference; lastKnownFileType = sourcecode.swift; path = AppDelegate.swift; sourceTree = "<group>"; };
		A48B4DC61CF9E7C700878928 /* ViewController.swift */ = {isa = PBXFileReference; lastKnownFileType = sourcecode.swift; path = ViewController.swift; sourceTree = "<group>"; };
		A48B4DC91CF9E7C700878928 /* Base */ = {isa = PBXFileReference; lastKnownFileType = file.storyboard; name = Base; path = Base.lproj/Main.storyboard; sourceTree = "<group>"; };
		A48B4DCC1CF9E7C700878928 /* Embraced.xcdatamodel */ = {isa = PBXFileReference; lastKnownFileType = wrapper.xcdatamodel; path = Embraced.xcdatamodel; sourceTree = "<group>"; };
		A48B4DCE1CF9E7C700878928 /* Assets.xcassets */ = {isa = PBXFileReference; lastKnownFileType = folder.assetcatalog; path = Assets.xcassets; sourceTree = "<group>"; };
		A48B4DD11CF9E7C700878928 /* Base */ = {isa = PBXFileReference; lastKnownFileType = file.storyboard; name = Base; path = Base.lproj/LaunchScreen.storyboard; sourceTree = "<group>"; };
		A48B4DD31CF9E7C700878928 /* Info.plist */ = {isa = PBXFileReference; lastKnownFileType = text.plist.xml; path = Info.plist; sourceTree = "<group>"; };
		A48D60E71FF5AC4F0042FBCA /* LibraryAPI.swift */ = {isa = PBXFileReference; lastKnownFileType = sourcecode.swift; path = LibraryAPI.swift; sourceTree = "<group>"; };
		A48D60F21FF704D60042FBCA /* UserCollectionViewCell.swift */ = {isa = PBXFileReference; lastKnownFileType = sourcecode.swift; path = UserCollectionViewCell.swift; sourceTree = "<group>"; };
		A48D60F31FF704D60042FBCA /* UserCollectionViewCell.xib */ = {isa = PBXFileReference; lastKnownFileType = file.xib; path = UserCollectionViewCell.xib; sourceTree = "<group>"; };
		A490D7C41D09162800D2B59D /* UserInputViewController.swift */ = {isa = PBXFileReference; fileEncoding = 4; lastKnownFileType = sourcecode.swift; path = UserInputViewController.swift; sourceTree = "<group>"; };
		A490D7C61D0919CB00D2B59D /* Roboto-Black.ttf */ = {isa = PBXFileReference; lastKnownFileType = file; path = "Roboto-Black.ttf"; sourceTree = "<group>"; };
		A490D7C71D0919CB00D2B59D /* Roboto-BlackItalic.ttf */ = {isa = PBXFileReference; lastKnownFileType = file; path = "Roboto-BlackItalic.ttf"; sourceTree = "<group>"; };
		A490D7C81D0919CB00D2B59D /* Roboto-Bold.ttf */ = {isa = PBXFileReference; lastKnownFileType = file; path = "Roboto-Bold.ttf"; sourceTree = "<group>"; };
		A490D7C91D0919CB00D2B59D /* Roboto-BoldItalic.ttf */ = {isa = PBXFileReference; lastKnownFileType = file; path = "Roboto-BoldItalic.ttf"; sourceTree = "<group>"; };
		A490D7CA1D0919CB00D2B59D /* Roboto-Italic.ttf */ = {isa = PBXFileReference; lastKnownFileType = file; path = "Roboto-Italic.ttf"; sourceTree = "<group>"; };
		A490D7CB1D0919CB00D2B59D /* Roboto-Light.ttf */ = {isa = PBXFileReference; lastKnownFileType = file; path = "Roboto-Light.ttf"; sourceTree = "<group>"; };
		A490D7CC1D0919CB00D2B59D /* Roboto-LightItalic.ttf */ = {isa = PBXFileReference; lastKnownFileType = file; path = "Roboto-LightItalic.ttf"; sourceTree = "<group>"; };
		A490D7CD1D0919CB00D2B59D /* Roboto-Medium.ttf */ = {isa = PBXFileReference; lastKnownFileType = file; path = "Roboto-Medium.ttf"; sourceTree = "<group>"; };
		A490D7CE1D0919CB00D2B59D /* Roboto-MediumItalic.ttf */ = {isa = PBXFileReference; lastKnownFileType = file; path = "Roboto-MediumItalic.ttf"; sourceTree = "<group>"; };
		A490D7CF1D0919CB00D2B59D /* Roboto-Regular.ttf */ = {isa = PBXFileReference; lastKnownFileType = file; path = "Roboto-Regular.ttf"; sourceTree = "<group>"; };
		A490D7D01D0919CB00D2B59D /* Roboto-Thin.ttf */ = {isa = PBXFileReference; lastKnownFileType = file; path = "Roboto-Thin.ttf"; sourceTree = "<group>"; };
		A490D7D11D0919CB00D2B59D /* Roboto-ThinItalic.ttf */ = {isa = PBXFileReference; lastKnownFileType = file; path = "Roboto-ThinItalic.ttf"; sourceTree = "<group>"; };
		A4A30B551FA25C9D00F07AA5 /* en */ = {isa = PBXFileReference; lastKnownFileType = text.plist.strings; name = en; path = en.lproj/Main.strings; sourceTree = "<group>"; };
		A4A8F8311DA4A1A8006F9FF3 /* NavigationButton.swift */ = {isa = PBXFileReference; fileEncoding = 4; lastKnownFileType = sourcecode.swift; path = NavigationButton.swift; sourceTree = "<group>"; };
		A4AB688A1DE4BE9A0009808D /* DownloadOperation.swift */ = {isa = PBXFileReference; fileEncoding = 4; lastKnownFileType = sourcecode.swift; path = DownloadOperation.swift; sourceTree = "<group>"; };
		A4AB688C1DE4D4730009808D /* DownloadMangager.swift */ = {isa = PBXFileReference; fileEncoding = 4; lastKnownFileType = sourcecode.swift; path = DownloadMangager.swift; sourceTree = "<group>"; };
		A4AE36E21DFC545400727DFD /* WebViewController.swift */ = {isa = PBXFileReference; fileEncoding = 4; lastKnownFileType = sourcecode.swift; path = WebViewController.swift; sourceTree = "<group>"; };
		A4AE36E61DFC9EA600727DFD /* es */ = {isa = PBXFileReference; lastKnownFileType = text.plist.strings; name = es; path = es.lproj/Main.strings; sourceTree = "<group>"; };
		A4AE36E71DFC9EA600727DFD /* es */ = {isa = PBXFileReference; lastKnownFileType = text.plist.strings; name = es; path = es.lproj/LaunchScreen.strings; sourceTree = "<group>"; };
		A4BB08EA1D7EDFFA00B76C64 /* QuestionnaireViewController.swift */ = {isa = PBXFileReference; fileEncoding = 4; lastKnownFileType = sourcecode.swift; name = QuestionnaireViewController.swift; path = controllers/QuestionnaireViewController.swift; sourceTree = "<group>"; };
		A4BB08EB1D7EDFFA00B76C64 /* QuestionnaireViewController.xib */ = {isa = PBXFileReference; fileEncoding = 4; lastKnownFileType = file.xib; name = QuestionnaireViewController.xib; path = controllers/QuestionnaireViewController.xib; sourceTree = "<group>"; };
		A4BB08EE1D82550900B76C64 /* UserInputViewController.xib */ = {isa = PBXFileReference; fileEncoding = 4; lastKnownFileType = file.xib; path = UserInputViewController.xib; sourceTree = "<group>"; };
		A4C469A31E13409400FDD5D5 /* Speech.framework */ = {isa = PBXFileReference; lastKnownFileType = wrapper.framework; name = Speech.framework; path = System/Library/Frameworks/Speech.framework; sourceTree = SDKROOT; };
		A4C469A51E134B5900FDD5D5 /* UserViewController.swift */ = {isa = PBXFileReference; fileEncoding = 4; lastKnownFileType = sourcecode.swift; path = UserViewController.swift; sourceTree = "<group>"; };
		A4C469A61E134B5900FDD5D5 /* UserViewController.xib */ = {isa = PBXFileReference; fileEncoding = 4; lastKnownFileType = file.xib; path = UserViewController.xib; sourceTree = "<group>"; };
		A4C71C0D1D33570100CD5FB1 /* Embraced_bg.png */ = {isa = PBXFileReference; lastKnownFileType = image.png; path = Embraced_bg.png; sourceTree = "<group>"; };
		A4D9041D1D2380380092D6AA /* FrontViewController.swift */ = {isa = PBXFileReference; fileEncoding = 4; lastKnownFileType = sourcecode.swift; path = FrontViewController.swift; sourceTree = "<group>"; };
		A4D904211D23810C0092D6AA /* EmbracedTextField.swift */ = {isa = PBXFileReference; fileEncoding = 4; lastKnownFileType = sourcecode.swift; path = EmbracedTextField.swift; sourceTree = "<group>"; };
		A4DB0FB31DFB2CA1000811B6 /* DataManager.swift */ = {isa = PBXFileReference; fileEncoding = 4; lastKnownFileType = sourcecode.swift; path = DataManager.swift; sourceTree = "<group>"; };
		A4DF9F231E08FBC90084EAF9 /* en */ = {isa = PBXFileReference; lastKnownFileType = text.plist.strings; name = en; path = en.lproj/Localizable.strings; sourceTree = "<group>"; };
		A4DF9F251E08FBF60084EAF9 /* es */ = {isa = PBXFileReference; lastKnownFileType = text.plist.strings; name = es; path = es.lproj/Localizable.strings; sourceTree = "<group>"; };
		A4DF9F261E08FEFA0084EAF9 /* StringExtension.swift */ = {isa = PBXFileReference; fileEncoding = 4; lastKnownFileType = sourcecode.swift; path = StringExtension.swift; sourceTree = "<group>"; };
		A4DFA8C51DC6AEE30056F05D /* StartViewController.swift */ = {isa = PBXFileReference; fileEncoding = 4; lastKnownFileType = sourcecode.swift; path = StartViewController.swift; sourceTree = "<group>"; };
		A4DFA8C61DC6AEE30056F05D /* StartViewController.xib */ = {isa = PBXFileReference; fileEncoding = 4; lastKnownFileType = file.xib; path = StartViewController.xib; sourceTree = "<group>"; };
		A4E5B54A1FBC4B3C00FAB073 /* TestOrder.swift */ = {isa = PBXFileReference; lastKnownFileType = sourcecode.swift; path = TestOrder.swift; sourceTree = "<group>"; };
		A4FC1E971DD2BE4500F19D95 /* WordList2ViewController.swift */ = {isa = PBXFileReference; fileEncoding = 4; lastKnownFileType = sourcecode.swift; name = WordList2ViewController.swift; path = controllers/WordList2ViewController.swift; sourceTree = "<group>"; };
		A4FC1E981DD2BE4500F19D95 /* WordList2ViewController.xib */ = {isa = PBXFileReference; fileEncoding = 4; lastKnownFileType = file.xib; name = WordList2ViewController.xib; path = controllers/WordList2ViewController.xib; sourceTree = "<group>"; };
		B5F21EB22F35905D9339A600 /* Pods-Embraced.release.xcconfig */ = {isa = PBXFileReference; includeInIndex = 1; lastKnownFileType = text.xcconfig; name = "Pods-Embraced.release.xcconfig"; path = "Pods/Target Support Files/Pods-Embraced/Pods-Embraced.release.xcconfig"; sourceTree = "<group>"; };
		EDA38C79360DDC24DE307CBD /* Pods_Embraced.framework */ = {isa = PBXFileReference; explicitFileType = wrapper.framework; includeInIndex = 0; path = Pods_Embraced.framework; sourceTree = BUILT_PRODUCTS_DIR; };
/* End PBXFileReference section */

/* Begin PBXFrameworksBuildPhase section */
		A48B4DBE1CF9E7C600878928 /* Frameworks */ = {
			isa = PBXFrameworksBuildPhase;
			buildActionMask = 2147483647;
			files = (
				A46A2C641DD66108000AC66C /* SystemConfiguration.framework in Frameworks */,
				DD7D49BC9E47B49E27EB6157 /* Pods_Embraced.framework in Frameworks */,
			);
			runOnlyForDeploymentPostprocessing = 0;
		};
/* End PBXFrameworksBuildPhase section */

/* Begin PBXGroup section */
		9F664F21C975BFC088CC91BB /* Pods */ = {
			isa = PBXGroup;
			children = (
				9F375DDA1676C302A2C3E45B /* Pods-Embraced.debug.xcconfig */,
				B5F21EB22F35905D9339A600 /* Pods-Embraced.release.xcconfig */,
			);
			name = Pods;
			sourceTree = "<group>";
		};
		A191B101E7F37A99531AAB47 /* Frameworks */ = {
			isa = PBXGroup;
			children = (
				A4C469A31E13409400FDD5D5 /* Speech.framework */,
				A46A2C631DD66108000AC66C /* SystemConfiguration.framework */,
				EDA38C79360DDC24DE307CBD /* Pods_Embraced.framework */,
			);
			name = Frameworks;
			sourceTree = "<group>";
		};
		A42AB5C51D2DE0F4001387BB /* Test */ = {
			isa = PBXGroup;
			children = (
				A4BB08EA1D7EDFFA00B76C64 /* QuestionnaireViewController.swift */,
				A4BB08EB1D7EDFFA00B76C64 /* QuestionnaireViewController.xib */,
				A46C14291D79AB3F0066EF37 /* MOCAMMSETestViewController.swift */,
				A46C142A1D79AB3F0066EF37 /* MOCAMMSETestViewController.xib */,
				A46C141D1D79AA110066EF37 /* ReyComplexFigureViewController.swift */,
				A46C141E1D79AA110066EF37 /* ReyComplexFigureViewController.xib */,
				A46C14211D79AA7C0066EF37 /* ClockDrawingTestViewController.swift */,
				A46C14221D79AA7C0066EF37 /* ClockDrawingTestViewController.xib */,
				A4347FBB1D7BC9440033306A /* ReyComplexFigure2ViewController.swift */,
				A4347FBC1D7BC9440033306A /* ReyComplexFigure2ViewController.xib */,
				A46C14251D79AACD0066EF37 /* TrailMakingTestViewController.swift */,
				A46C14261D79AACD0066EF37 /* TrailMakingTestViewController.xib */,
				A4347FC31D7BC9FC0033306A /* ReyComplexFigure3ViewController.swift */,
				A4347FC41D7BC9FC0033306A /* ReyComplexFigure3ViewController.xib */,
				A4347FCB1D7BCA570033306A /* ReyFigureComplex4ViewController.swift */,
				A4347FCC1D7BCA570033306A /* ReyFigureComplex4ViewController.xib */,
				A46C140D1D798FC30066EF37 /* CPTViewController.swift */,
				A46C140E1D798FC30066EF37 /* CPTViewController.xib */,
				A4347FCF1D7BCA950033306A /* MatricesViewController.swift */,
				A4347FD01D7BCA950033306A /* MatricesViewController.xib */,
				A4347FD31D7BCABC0033306A /* PegboardViewController.swift */,
				A4347FD41D7BCABC0033306A /* PegboardViewController.xib */,
				A46C14151D7999AF0066EF37 /* CancellationTestViewController.swift */,
				A46C14161D7999AF0066EF37 /* CancellationTestViewController.xib */,
				A4347FE11D7BCC170033306A /* MultipleErrandsViewController.swift */,
				A4347FE21D7BCC170033306A /* MultipleErrandsViewController.xib */,
				A4347FE51D7BCC4C0033306A /* ComprehensionViewController.swift */,
				A4347FE61D7BCC4C0033306A /* ComprehensionViewController.xib */,
				A46C14191D79A8870066EF37 /* EyeTestViewController.swift */,
				A46C141A1D79A8870066EF37 /* EyeTestViewController.xib */,
			);
			name = Test;
			sourceTree = "<group>";
		};
		A4476ED71D13B1A5002722B4 /* Models */ = {
			isa = PBXGroup;
			children = (
			);
			name = Models;
			sourceTree = "<group>";
		};
		A48B4DB81CF9E7C600878928 = {
			isa = PBXGroup;
			children = (
				A48B4DC31CF9E7C700878928 /* Embraced */,
				A48B4DC21CF9E7C600878928 /* Products */,
				9F664F21C975BFC088CC91BB /* Pods */,
				A191B101E7F37A99531AAB47 /* Frameworks */,
			);
			sourceTree = "<group>";
		};
		A48B4DC21CF9E7C600878928 /* Products */ = {
			isa = PBXGroup;
			children = (
				A48B4DC11CF9E7C600878928 /* Embraced.app */,
			);
			name = Products;
			sourceTree = "<group>";
		};
		A48B4DC31CF9E7C700878928 /* Embraced */ = {
			isa = PBXGroup;
			children = (
				A48D60ED1FF6FF1A0042FBCA /* Views */,
				A48D60E61FF5AC3B0042FBCA /* API */,
				A4476ED71D13B1A5002722B4 /* Models */,
				A48B4DD91CF9EEAB00878928 /* Resources */,
				A490D7C11D0913C500D2B59D /* Controllers */,
				A48B4DC81CF9E7C700878928 /* Main.storyboard */,
				A48B4DCE1CF9E7C700878928 /* Assets.xcassets */,
				A48B4DD01CF9E7C700878928 /* LaunchScreen.storyboard */,
				A4DF9F241E08FBC90084EAF9 /* Localizable.strings */,
				A48B4DD31CF9E7C700878928 /* Info.plist */,
				A479B3062040A40A0037EA1D /* GoogleService-Info.plist */,
				A48B4DCB1CF9E7C700878928 /* Embraced.xcdatamodeld */,
				A41AE3C01DCA57150089231D /* Images.xcassets */,
			);
			path = Embraced;
			sourceTree = "<group>";
		};
		A48B4DD91CF9EEAB00878928 /* Resources */ = {
			isa = PBXGroup;
			children = (
				A4632C721DAE4629004B71BD /* speaker.png */,
				A44669351E16443D00EA7E2E /* play2.png */,
				A4773D0A1D9D849100E5CCEE /* listen.png */,
				A4773D0C1D9D84A900E5CCEE /* play.png */,
				A4773D0E1D9D84B200E5CCEE /* record.png */,
				A4C71C0D1D33570100CD5FB1 /* Embraced_bg.png */,
				A490D7C61D0919CB00D2B59D /* Roboto-Black.ttf */,
				A490D7C71D0919CB00D2B59D /* Roboto-BlackItalic.ttf */,
				A490D7C81D0919CB00D2B59D /* Roboto-Bold.ttf */,
				A490D7C91D0919CB00D2B59D /* Roboto-BoldItalic.ttf */,
				A490D7CA1D0919CB00D2B59D /* Roboto-Italic.ttf */,
				A490D7CB1D0919CB00D2B59D /* Roboto-Light.ttf */,
				A490D7CC1D0919CB00D2B59D /* Roboto-LightItalic.ttf */,
				A490D7CD1D0919CB00D2B59D /* Roboto-Medium.ttf */,
				A490D7CE1D0919CB00D2B59D /* Roboto-MediumItalic.ttf */,
				A490D7CF1D0919CB00D2B59D /* Roboto-Regular.ttf */,
				A490D7D01D0919CB00D2B59D /* Roboto-Thin.ttf */,
				A490D7D11D0919CB00D2B59D /* Roboto-ThinItalic.ttf */,
				A414247E1D02C3F60028933E /* LOGO_r1_c1.png */,
			);
			name = Resources;
			sourceTree = "<group>";
		};
		A48D60E61FF5AC3B0042FBCA /* API */ = {
			isa = PBXGroup;
			children = (
				A48D60E71FF5AC4F0042FBCA /* LibraryAPI.swift */,
			);
			name = API;
			sourceTree = "<group>";
		};
		A48D60ED1FF6FF1A0042FBCA /* Views */ = {
			isa = PBXGroup;
			children = (
				A48D60F21FF704D60042FBCA /* UserCollectionViewCell.swift */,
				A48D60F31FF704D60042FBCA /* UserCollectionViewCell.xib */,
			);
			name = Views;
			sourceTree = "<group>";
		};
		A490D7C11D0913C500D2B59D /* Controllers */ = {
			isa = PBXGroup;
			children = (
				A4D904231D2384010092D6AA /* Customizations */,
				A48B4DC41CF9E7C700878928 /* AppDelegate.swift */,
				A48B4DC61CF9E7C700878928 /* ViewController.swift */,
				A489D61A1E0BA255001F56FE /* AdminViewController.swift */,
				A489D61B1E0BA255001F56FE /* AdminViewController.xib */,
				A4C469A51E134B5900FDD5D5 /* UserViewController.swift */,
				A4C469A61E134B5900FDD5D5 /* UserViewController.xib */,
				A489D6161E0B535A001F56FE /* SettingsViewController.swift */,
				A489D6171E0B535A001F56FE /* SettingsViewController.xib */,
				A490D7C41D09162800D2B59D /* UserInputViewController.swift */,
				A4BB08EE1D82550900B76C64 /* UserInputViewController.xib */,
				A4DFA8C51DC6AEE30056F05D /* StartViewController.swift */,
				A4DFA8C61DC6AEE30056F05D /* StartViewController.xib */,
				A4828EB41F967ED700406F19 /* LoadingScreenViewController.swift */,
				A4828EB51F967ED700406F19 /* LoadingScreenViewController.xib */,
				A4C72F031E6A1B4F00ADC405 /* AppsideTest */,
				A42AB5C51D2DE0F4001387BB /* Test */,
				A47EB6E11DA65FFB00A68AF6 /* FinishedViewController.swift */,
				A47EB6E21DA65FFB00A68AF6 /* FinishedViewController.xib */,
			);
			name = Controllers;
			sourceTree = "<group>";
		};
		A4C72F031E6A1B4F00ADC405 /* AppsideTest */ = {
			isa = PBXGroup;
			children = (
				A4347FD71D7BCAFB0033306A /* PitchViewController.swift */,
				A4347FD81D7BCAFB0033306A /* PitchViewController.xib */,
				A4347FC71D7BCA280033306A /* DigitalSpanViewController.swift */,
				A4347FC81D7BCA280033306A /* DigitalSpanViewController.xib */,
				A4347FDB1D7BCB260033306A /* WordListViewController.swift */,
				A4347FDC1D7BCB260033306A /* WordListViewController.xib */,
				A4347FBF1D7BC9E20033306A /* StroopViewController.swift */,
				A4347FC01D7BC9E20033306A /* StroopViewController.xib */,
				A4FC1E971DD2BE4500F19D95 /* WordList2ViewController.swift */,
				A4FC1E981DD2BE4500F19D95 /* WordList2ViewController.xib */,
				A43E98B11D506B29008F54C3 /* NamingTaskViewController.swift */,
				A4347FDF1D7BCB800033306A /* NamingTaskViewController.xib */,
			);
			name = AppsideTest;
			sourceTree = "<group>";
		};
		A4D904231D2384010092D6AA /* Customizations */ = {
			isa = PBXGroup;
			children = (
				A4DF9F261E08FEFA0084EAF9 /* StringExtension.swift */,
				A4D9041D1D2380380092D6AA /* FrontViewController.swift */,
				A4D904211D23810C0092D6AA /* EmbracedTextField.swift */,
				A4A8F8311DA4A1A8006F9FF3 /* NavigationButton.swift */,
				A46A2C651DD7AB91000AC66C /* Reachability.swift */,
				A46A2C671DD96FF0000AC66C /* APIWrapper.swift */,
				A4AB688A1DE4BE9A0009808D /* DownloadOperation.swift */,
				A4AB688C1DE4D4730009808D /* DownloadMangager.swift */,
				A4DB0FB31DFB2CA1000811B6 /* DataManager.swift */,
				A4AE36E21DFC545400727DFD /* WebViewController.swift */,
				A44669311E1631A600EA7E2E /* ListenButton.swift */,
				A44669331E16435C00EA7E2E /* PlayButton.swift */,
				A44669371E16457600EA7E2E /* RecordButton.swift */,
				A4E5B54A1FBC4B3C00FAB073 /* TestOrder.swift */,
			);
			name = Customizations;
			sourceTree = "<group>";
		};
/* End PBXGroup section */

/* Begin PBXNativeTarget section */
		A48B4DC01CF9E7C600878928 /* Embraced */ = {
			isa = PBXNativeTarget;
			buildConfigurationList = A48B4DD61CF9E7C700878928 /* Build configuration list for PBXNativeTarget "Embraced" */;
			buildPhases = (
				91A8D96E5C9DBBC358E1F54D /* [CP] Check Pods Manifest.lock */,
				6391EC2967FC335C4B260526 /* [CP] Check Pods Manifest.lock */,
				5E743F95A972D997F54D05F4 /* [CP] Check Pods Manifest.lock */,
				A48B4DBD1CF9E7C600878928 /* Sources */,
				A48B4DBE1CF9E7C600878928 /* Frameworks */,
				A48B4DBF1CF9E7C600878928 /* Resources */,
				C90CDE91F5A86DBE2B374296 /* [CP] Embed Pods Frameworks */,
				C7F38120F030A165D5C8C102 /* [CP] Copy Pods Resources */,
				EC05DDA4DDE8CF52B4975F46 /* 📦 Embed Pods Frameworks */,
				F2EE9097EA98D93B1AFC7A4A /* 📦 Copy Pods Resources */,
			);
			buildRules = (
			);
			dependencies = (
			);
			name = Embraced;
			productName = Embraced;
			productReference = A48B4DC11CF9E7C600878928 /* Embraced.app */;
			productType = "com.apple.product-type.application";
		};
/* End PBXNativeTarget section */

/* Begin PBXProject section */
		A48B4DB91CF9E7C600878928 /* Project object */ = {
			isa = PBXProject;
			attributes = {
				LastSwiftUpdateCheck = 0730;
				LastUpgradeCheck = 0900;
				ORGANIZATIONNAME = "Domonique Dixon";
				TargetAttributes = {
					A48B4DC01CF9E7C600878928 = {
						CreatedOnToolsVersion = 7.3.1;
						DevelopmentTeam = PUVE8AV9GJ;
						LastSwiftMigration = 0900;
					};
				};
			};
			buildConfigurationList = A48B4DBC1CF9E7C600878928 /* Build configuration list for PBXProject "Embraced" */;
			compatibilityVersion = "Xcode 3.2";
			developmentRegion = English;
			hasScannedForEncodings = 0;
			knownRegions = (
				en,
				Base,
			);
			mainGroup = A48B4DB81CF9E7C600878928;
			productRefGroup = A48B4DC21CF9E7C600878928 /* Products */;
			projectDirPath = "";
			projectRoot = "";
			targets = (
				A48B4DC01CF9E7C600878928 /* Embraced */,
			);
		};
/* End PBXProject section */

/* Begin PBXResourcesBuildPhase section */
		A48B4DBF1CF9E7C600878928 /* Resources */ = {
			isa = PBXResourcesBuildPhase;
			buildActionMask = 2147483647;
			files = (
				A490D7D41D0919CB00D2B59D /* Roboto-Bold.ttf in Resources */,
				A479B3072040A40A0037EA1D /* GoogleService-Info.plist in Resources */,
				A490D7D81D0919CB00D2B59D /* Roboto-LightItalic.ttf in Resources */,
				A46C14101D798FC30066EF37 /* CPTViewController.xib in Resources */,
				A4347FD21D7BCA950033306A /* MatricesViewController.xib in Resources */,
				A490D7DA1D0919CB00D2B59D /* Roboto-MediumItalic.ttf in Resources */,
				A4C71C0E1D33570100CD5FB1 /* Embraced_bg.png in Resources */,
				A490D7D61D0919CB00D2B59D /* Roboto-Italic.ttf in Resources */,
				A4347FE41D7BCC170033306A /* MultipleErrandsViewController.xib in Resources */,
				A46C14181D7999AF0066EF37 /* CancellationTestViewController.xib in Resources */,
				A48D60F51FF704D60042FBCA /* UserCollectionViewCell.xib in Resources */,
				A4632C731DAE4629004B71BD /* speaker.png in Resources */,
				A4347FD61D7BCABC0033306A /* PegboardViewController.xib in Resources */,
				A46C141C1D79A8870066EF37 /* EyeTestViewController.xib in Resources */,
				A490D7D71D0919CB00D2B59D /* Roboto-Light.ttf in Resources */,
				A44669361E16443D00EA7E2E /* play2.png in Resources */,
				A4DF9F221E08FBC90084EAF9 /* Localizable.strings in Resources */,
				A4347FCE1D7BCA570033306A /* ReyFigureComplex4ViewController.xib in Resources */,
				A46C14241D79AA7C0066EF37 /* ClockDrawingTestViewController.xib in Resources */,
				A48B4DD21CF9E7C700878928 /* LaunchScreen.storyboard in Resources */,
				A4828EB71F967ED700406F19 /* LoadingScreenViewController.xib in Resources */,
				A4347FC61D7BC9FC0033306A /* ReyComplexFigure3ViewController.xib in Resources */,
				A490D7D51D0919CB00D2B59D /* Roboto-BoldItalic.ttf in Resources */,
				A47EB6E41DA65FFB00A68AF6 /* FinishedViewController.xib in Resources */,
				A490D7D31D0919CB00D2B59D /* Roboto-BlackItalic.ttf in Resources */,
				A4FC1E9A1DD2BE4500F19D95 /* WordList2ViewController.xib in Resources */,
				A490D7DC1D0919CB00D2B59D /* Roboto-Thin.ttf in Resources */,
				A46C142C1D79AB3F0066EF37 /* MOCAMMSETestViewController.xib in Resources */,
				A4347FC21D7BC9E20033306A /* StroopViewController.xib in Resources */,
				A4773D0B1D9D849100E5CCEE /* listen.png in Resources */,
				A4773D0F1D9D84B200E5CCEE /* record.png in Resources */,
				A489D61D1E0BA255001F56FE /* AdminViewController.xib in Resources */,
				A4C469A81E134B5900FDD5D5 /* UserViewController.xib in Resources */,
				A4347FE01D7BCB800033306A /* NamingTaskViewController.xib in Resources */,
				A4BB08ED1D7EDFFA00B76C64 /* QuestionnaireViewController.xib in Resources */,
				A490D7DB1D0919CB00D2B59D /* Roboto-Regular.ttf in Resources */,
				A48B4DCF1CF9E7C700878928 /* Assets.xcassets in Resources */,
				A490D7D91D0919CB00D2B59D /* Roboto-Medium.ttf in Resources */,
				A490D7DD1D0919CB00D2B59D /* Roboto-ThinItalic.ttf in Resources */,
				A4773D0D1D9D84A900E5CCEE /* play.png in Resources */,
				A4347FE81D7BCC4C0033306A /* ComprehensionViewController.xib in Resources */,
				A46C14281D79AACD0066EF37 /* TrailMakingTestViewController.xib in Resources */,
				A46C14201D79AA110066EF37 /* ReyComplexFigureViewController.xib in Resources */,
				A4347FDA1D7BCAFB0033306A /* PitchViewController.xib in Resources */,
				A490D7D21D0919CB00D2B59D /* Roboto-Black.ttf in Resources */,
				A489D6191E0B535A001F56FE /* SettingsViewController.xib in Resources */,
				A4347FDE1D7BCB260033306A /* WordListViewController.xib in Resources */,
				A48B4DCA1CF9E7C700878928 /* Main.storyboard in Resources */,
				A41AE3C11DCA57150089231D /* Images.xcassets in Resources */,
				A4347FCA1D7BCA280033306A /* DigitalSpanViewController.xib in Resources */,
				A4BB08EF1D82550900B76C64 /* UserInputViewController.xib in Resources */,
				A414247F1D02C3F60028933E /* LOGO_r1_c1.png in Resources */,
				A4347FBE1D7BC9440033306A /* ReyComplexFigure2ViewController.xib in Resources */,
				A4DFA8C81DC6AEE30056F05D /* StartViewController.xib in Resources */,
			);
			runOnlyForDeploymentPostprocessing = 0;
		};
/* End PBXResourcesBuildPhase section */

/* Begin PBXShellScriptBuildPhase section */
		5E743F95A972D997F54D05F4 /* [CP] Check Pods Manifest.lock */ = {
			isa = PBXShellScriptBuildPhase;
			buildActionMask = 2147483647;
			files = (
			);
			inputPaths = (
			);
			name = "[CP] Check Pods Manifest.lock";
			outputPaths = (
			);
			runOnlyForDeploymentPostprocessing = 0;
			shellPath = /bin/sh;
			shellScript = "diff \"${PODS_ROOT}/../Podfile.lock\" \"${PODS_ROOT}/Manifest.lock\" > /dev/null\nif [[ $? != 0 ]] ; then\n    cat << EOM\nerror: The sandbox is not in sync with the Podfile.lock. Run 'pod install' or update your CocoaPods installation.\nEOM\n    exit 1\nfi\n";
			showEnvVarsInLog = 0;
		};
		6391EC2967FC335C4B260526 /* [CP] Check Pods Manifest.lock */ = {
			isa = PBXShellScriptBuildPhase;
			buildActionMask = 2147483647;
			files = (
			);
			inputPaths = (
			);
			name = "[CP] Check Pods Manifest.lock";
			outputPaths = (
			);
			runOnlyForDeploymentPostprocessing = 0;
			shellPath = /bin/sh;
			shellScript = "diff \"${PODS_ROOT}/../Podfile.lock\" \"${PODS_ROOT}/Manifest.lock\" > /dev/null\nif [[ $? != 0 ]] ; then\n    cat << EOM\nerror: The sandbox is not in sync with the Podfile.lock. Run 'pod install' or update your CocoaPods installation.\nEOM\n    exit 1\nfi\n";
			showEnvVarsInLog = 0;
		};
		91A8D96E5C9DBBC358E1F54D /* [CP] Check Pods Manifest.lock */ = {
			isa = PBXShellScriptBuildPhase;
			buildActionMask = 2147483647;
			files = (
			);
			inputPaths = (
				"${PODS_PODFILE_DIR_PATH}/Podfile.lock",
				"${PODS_ROOT}/Manifest.lock",
			);
			name = "[CP] Check Pods Manifest.lock";
			outputPaths = (
				"$(DERIVED_FILE_DIR)/Pods-Embraced-checkManifestLockResult.txt",
			);
			runOnlyForDeploymentPostprocessing = 0;
			shellPath = /bin/sh;
			shellScript = "diff \"${PODS_PODFILE_DIR_PATH}/Podfile.lock\" \"${PODS_ROOT}/Manifest.lock\" > /dev/null\nif [ $? != 0 ] ; then\n    # print error to STDERR\n    echo \"error: The sandbox is not in sync with the Podfile.lock. Run 'pod install' or update your CocoaPods installation.\" >&2\n    exit 1\nfi\n# This output is used by Xcode 'outputs' to avoid re-running this script phase.\necho \"SUCCESS\" > \"${SCRIPT_OUTPUT_FILE_0}\"\n";
			showEnvVarsInLog = 0;
		};
		C7F38120F030A165D5C8C102 /* [CP] Copy Pods Resources */ = {
			isa = PBXShellScriptBuildPhase;
			buildActionMask = 2147483647;
			files = (
			);
			inputPaths = (
			);
			name = "[CP] Copy Pods Resources";
			outputPaths = (
			);
			runOnlyForDeploymentPostprocessing = 0;
			shellPath = /bin/sh;
			shellScript = "\"${SRCROOT}/Pods/Target Support Files/Pods-Embraced/Pods-Embraced-resources.sh\"\n";
			showEnvVarsInLog = 0;
		};
		C90CDE91F5A86DBE2B374296 /* [CP] Embed Pods Frameworks */ = {
			isa = PBXShellScriptBuildPhase;
			buildActionMask = 2147483647;
			files = (
			);
			inputPaths = (
				"${SRCROOT}/Pods/Target Support Files/Pods-Embraced/Pods-Embraced-frameworks.sh",
				"${BUILT_PRODUCTS_DIR}/Alamofire/Alamofire.framework",
				"${BUILT_PRODUCTS_DIR}/ChameleonFramework/ChameleonFramework.framework",
				"${BUILT_PRODUCTS_DIR}/GTMSessionFetcher/GTMSessionFetcher.framework",
				"${BUILT_PRODUCTS_DIR}/GoogleToolboxForMac/GoogleToolboxForMac.framework",
				"${BUILT_PRODUCTS_DIR}/JWTDecode/JWTDecode.framework",
				"${BUILT_PRODUCTS_DIR}/ReachabilitySwift/ReachabilitySwift.framework",
				"${BUILT_PRODUCTS_DIR}/SVProgressHUD/SVProgressHUD.framework",
				"${BUILT_PRODUCTS_DIR}/leveldb-library/leveldb.framework",
				"${BUILT_PRODUCTS_DIR}/nanopb/nanopb.framework",
			);
			name = "[CP] Embed Pods Frameworks";
			outputPaths = (
				"${TARGET_BUILD_DIR}/${FRAMEWORKS_FOLDER_PATH}/Alamofire.framework",
				"${TARGET_BUILD_DIR}/${FRAMEWORKS_FOLDER_PATH}/ChameleonFramework.framework",
				"${TARGET_BUILD_DIR}/${FRAMEWORKS_FOLDER_PATH}/GTMSessionFetcher.framework",
				"${TARGET_BUILD_DIR}/${FRAMEWORKS_FOLDER_PATH}/GoogleToolboxForMac.framework",
				"${TARGET_BUILD_DIR}/${FRAMEWORKS_FOLDER_PATH}/JWTDecode.framework",
				"${TARGET_BUILD_DIR}/${FRAMEWORKS_FOLDER_PATH}/ReachabilitySwift.framework",
				"${TARGET_BUILD_DIR}/${FRAMEWORKS_FOLDER_PATH}/SVProgressHUD.framework",
				"${TARGET_BUILD_DIR}/${FRAMEWORKS_FOLDER_PATH}/leveldb.framework",
				"${TARGET_BUILD_DIR}/${FRAMEWORKS_FOLDER_PATH}/nanopb.framework",
			);
			runOnlyForDeploymentPostprocessing = 0;
			shellPath = /bin/sh;
			shellScript = "\"${SRCROOT}/Pods/Target Support Files/Pods-Embraced/Pods-Embraced-frameworks.sh\"\n";
			showEnvVarsInLog = 0;
		};
		EC05DDA4DDE8CF52B4975F46 /* 📦 Embed Pods Frameworks */ = {
			isa = PBXShellScriptBuildPhase;
			buildActionMask = 2147483647;
			files = (
			);
			inputPaths = (
			);
			name = "📦 Embed Pods Frameworks";
			outputPaths = (
			);
			runOnlyForDeploymentPostprocessing = 0;
			shellPath = /bin/sh;
			shellScript = "\"${SRCROOT}/Pods/Target Support Files/Pods-Embraced/Pods-Embraced-frameworks.sh\"\n";
			showEnvVarsInLog = 0;
		};
		F2EE9097EA98D93B1AFC7A4A /* 📦 Copy Pods Resources */ = {
			isa = PBXShellScriptBuildPhase;
			buildActionMask = 2147483647;
			files = (
			);
			inputPaths = (
			);
			name = "📦 Copy Pods Resources";
			outputPaths = (
			);
			runOnlyForDeploymentPostprocessing = 0;
			shellPath = /bin/sh;
			shellScript = "\"${SRCROOT}/Pods/Target Support Files/Pods-Embraced/Pods-Embraced-resources.sh\"\n";
			showEnvVarsInLog = 0;
		};
/* End PBXShellScriptBuildPhase section */

/* Begin PBXSourcesBuildPhase section */
		A48B4DBD1CF9E7C600878928 /* Sources */ = {
			isa = PBXSourcesBuildPhase;
			buildActionMask = 2147483647;
			files = (
				A4347FE71D7BCC4C0033306A /* ComprehensionViewController.swift in Sources */,
				A46C140F1D798FC30066EF37 /* CPTViewController.swift in Sources */,
				A48B4DC71CF9E7C700878928 /* ViewController.swift in Sources */,
				A43E98B21D506B29008F54C3 /* NamingTaskViewController.swift in Sources */,
				A46C141B1D79A8870066EF37 /* EyeTestViewController.swift in Sources */,
				A48B4DCD1CF9E7C700878928 /* Embraced.xcdatamodeld in Sources */,
				A46A2C661DD7AB91000AC66C /* Reachability.swift in Sources */,
				A4FC1E991DD2BE4500F19D95 /* WordList2ViewController.swift in Sources */,
				A4347FE31D7BCC170033306A /* MultipleErrandsViewController.swift in Sources */,
				A44669341E16435C00EA7E2E /* PlayButton.swift in Sources */,
				A4AB688D1DE4D4730009808D /* DownloadMangager.swift in Sources */,
				A4D904221D23810C0092D6AA /* EmbracedTextField.swift in Sources */,
				A4DF9F271E08FEFA0084EAF9 /* StringExtension.swift in Sources */,
				A46C141F1D79AA110066EF37 /* ReyComplexFigureViewController.swift in Sources */,
				A4347FD51D7BCABC0033306A /* PegboardViewController.swift in Sources */,
				A4828EB61F967ED700406F19 /* LoadingScreenViewController.swift in Sources */,
				A489D6181E0B535A001F56FE /* SettingsViewController.swift in Sources */,
				A4347FC51D7BC9FC0033306A /* ReyComplexFigure3ViewController.swift in Sources */,
				A47EB6E31DA65FFB00A68AF6 /* FinishedViewController.swift in Sources */,
				A48D60E81FF5AC4F0042FBCA /* LibraryAPI.swift in Sources */,
				A489D61C1E0BA255001F56FE /* AdminViewController.swift in Sources */,
				A4D9041F1D2380380092D6AA /* FrontViewController.swift in Sources */,
				A4DFA8C71DC6AEE30056F05D /* StartViewController.swift in Sources */,
				A4347FBD1D7BC9440033306A /* ReyComplexFigure2ViewController.swift in Sources */,
				A4347FD11D7BCA950033306A /* MatricesViewController.swift in Sources */,
				A48D60F41FF704D60042FBCA /* UserCollectionViewCell.swift in Sources */,
				A4347FCD1D7BCA570033306A /* ReyFigureComplex4ViewController.swift in Sources */,
				A4C469A71E134B5900FDD5D5 /* UserViewController.swift in Sources */,
				A4347FDD1D7BCB260033306A /* WordListViewController.swift in Sources */,
				A46C14271D79AACD0066EF37 /* TrailMakingTestViewController.swift in Sources */,
				A4347FD91D7BCAFB0033306A /* PitchViewController.swift in Sources */,
				A4AB688B1DE4BE9A0009808D /* DownloadOperation.swift in Sources */,
				A490D7C51D09162800D2B59D /* UserInputViewController.swift in Sources */,
				A46C14171D7999AF0066EF37 /* CancellationTestViewController.swift in Sources */,
				A48B4DC51CF9E7C700878928 /* AppDelegate.swift in Sources */,
				A46A2C681DD96FF0000AC66C /* APIWrapper.swift in Sources */,
				A46C14231D79AA7C0066EF37 /* ClockDrawingTestViewController.swift in Sources */,
				A4347FC91D7BCA280033306A /* DigitalSpanViewController.swift in Sources */,
				A4E5B54B1FBC4B3C00FAB073 /* TestOrder.swift in Sources */,
				A44669321E1631A600EA7E2E /* ListenButton.swift in Sources */,
				A4A8F8321DA4A1A8006F9FF3 /* NavigationButton.swift in Sources */,
				A4DB0FB41DFB2CA1000811B6 /* DataManager.swift in Sources */,
				A4BB08EC1D7EDFFA00B76C64 /* QuestionnaireViewController.swift in Sources */,
				A46C142B1D79AB3F0066EF37 /* MOCAMMSETestViewController.swift in Sources */,
				A4AE36E31DFC545400727DFD /* WebViewController.swift in Sources */,
				A44669381E16457600EA7E2E /* RecordButton.swift in Sources */,
				A4347FC11D7BC9E20033306A /* StroopViewController.swift in Sources */,
			);
			runOnlyForDeploymentPostprocessing = 0;
		};
/* End PBXSourcesBuildPhase section */

/* Begin PBXVariantGroup section */
		A48B4DC81CF9E7C700878928 /* Main.storyboard */ = {
			isa = PBXVariantGroup;
			children = (
				A48B4DC91CF9E7C700878928 /* Base */,
				A4AE36E61DFC9EA600727DFD /* es */,
				A4A30B551FA25C9D00F07AA5 /* en */,
			);
			name = Main.storyboard;
			sourceTree = "<group>";
		};
		A48B4DD01CF9E7C700878928 /* LaunchScreen.storyboard */ = {
			isa = PBXVariantGroup;
			children = (
				A48B4DD11CF9E7C700878928 /* Base */,
				A4AE36E71DFC9EA600727DFD /* es */,
			);
			name = LaunchScreen.storyboard;
			sourceTree = "<group>";
		};
		A4DF9F241E08FBC90084EAF9 /* Localizable.strings */ = {
			isa = PBXVariantGroup;
			children = (
				A4DF9F231E08FBC90084EAF9 /* en */,
				A4DF9F251E08FBF60084EAF9 /* es */,
			);
			name = Localizable.strings;
			sourceTree = "<group>";
		};
/* End PBXVariantGroup section */

/* Begin XCBuildConfiguration section */
		A48B4DD41CF9E7C700878928 /* Debug */ = {
			isa = XCBuildConfiguration;
			buildSettings = {
				ALWAYS_SEARCH_USER_PATHS = NO;
				CLANG_ANALYZER_LOCALIZABILITY_NONLOCALIZED = YES;
				CLANG_ANALYZER_NONNULL = YES;
				CLANG_CXX_LANGUAGE_STANDARD = "gnu++0x";
				CLANG_CXX_LIBRARY = "libc++";
				CLANG_ENABLE_MODULES = YES;
				CLANG_ENABLE_OBJC_ARC = YES;
				CLANG_WARN_BLOCK_CAPTURE_AUTORELEASING = YES;
				CLANG_WARN_BOOL_CONVERSION = YES;
				CLANG_WARN_COMMA = YES;
				CLANG_WARN_CONSTANT_CONVERSION = YES;
				CLANG_WARN_DIRECT_OBJC_ISA_USAGE = YES_ERROR;
				CLANG_WARN_EMPTY_BODY = YES;
				CLANG_WARN_ENUM_CONVERSION = YES;
				CLANG_WARN_INFINITE_RECURSION = YES;
				CLANG_WARN_INT_CONVERSION = YES;
				CLANG_WARN_NON_LITERAL_NULL_CONVERSION = YES;
				CLANG_WARN_OBJC_LITERAL_CONVERSION = YES;
				CLANG_WARN_OBJC_ROOT_CLASS = YES_ERROR;
				CLANG_WARN_RANGE_LOOP_ANALYSIS = YES;
				CLANG_WARN_STRICT_PROTOTYPES = YES;
				CLANG_WARN_SUSPICIOUS_MOVE = YES;
				CLANG_WARN_UNREACHABLE_CODE = YES;
				CLANG_WARN__DUPLICATE_METHOD_MATCH = YES;
				"CODE_SIGN_IDENTITY[sdk=iphoneos*]" = "iPhone Developer";
				COPY_PHASE_STRIP = NO;
				DEBUG_INFORMATION_FORMAT = dwarf;
				ENABLE_STRICT_OBJC_MSGSEND = YES;
				ENABLE_TESTABILITY = YES;
				GCC_C_LANGUAGE_STANDARD = gnu99;
				GCC_DYNAMIC_NO_PIC = NO;
				GCC_NO_COMMON_BLOCKS = YES;
				GCC_OPTIMIZATION_LEVEL = 0;
				GCC_PREPROCESSOR_DEFINITIONS = (
					"DEBUG=1",
					"$(inherited)",
				);
				GCC_WARN_64_TO_32_BIT_CONVERSION = YES;
				GCC_WARN_ABOUT_RETURN_TYPE = YES_ERROR;
				GCC_WARN_UNDECLARED_SELECTOR = YES;
				GCC_WARN_UNINITIALIZED_AUTOS = YES_AGGRESSIVE;
				GCC_WARN_UNUSED_FUNCTION = YES;
				GCC_WARN_UNUSED_VARIABLE = YES;
				IPHONEOS_DEPLOYMENT_TARGET = 9.2;
				MTL_ENABLE_DEBUG_INFO = YES;
				ONLY_ACTIVE_ARCH = YES;
				SDKROOT = iphoneos;
				SWIFT_OPTIMIZATION_LEVEL = "-Onone";
				SWIFT_VERSION = 3.0;
				TARGETED_DEVICE_FAMILY = 2;
			};
			name = Debug;
		};
		A48B4DD51CF9E7C700878928 /* Release */ = {
			isa = XCBuildConfiguration;
			buildSettings = {
				ALWAYS_SEARCH_USER_PATHS = NO;
				CLANG_ANALYZER_LOCALIZABILITY_NONLOCALIZED = YES;
				CLANG_ANALYZER_NONNULL = YES;
				CLANG_CXX_LANGUAGE_STANDARD = "gnu++0x";
				CLANG_CXX_LIBRARY = "libc++";
				CLANG_ENABLE_MODULES = YES;
				CLANG_ENABLE_OBJC_ARC = YES;
				CLANG_WARN_BLOCK_CAPTURE_AUTORELEASING = YES;
				CLANG_WARN_BOOL_CONVERSION = YES;
				CLANG_WARN_COMMA = YES;
				CLANG_WARN_CONSTANT_CONVERSION = YES;
				CLANG_WARN_DIRECT_OBJC_ISA_USAGE = YES_ERROR;
				CLANG_WARN_EMPTY_BODY = YES;
				CLANG_WARN_ENUM_CONVERSION = YES;
				CLANG_WARN_INFINITE_RECURSION = YES;
				CLANG_WARN_INT_CONVERSION = YES;
				CLANG_WARN_NON_LITERAL_NULL_CONVERSION = YES;
				CLANG_WARN_OBJC_LITERAL_CONVERSION = YES;
				CLANG_WARN_OBJC_ROOT_CLASS = YES_ERROR;
				CLANG_WARN_RANGE_LOOP_ANALYSIS = YES;
				CLANG_WARN_STRICT_PROTOTYPES = YES;
				CLANG_WARN_SUSPICIOUS_MOVE = YES;
				CLANG_WARN_UNREACHABLE_CODE = YES;
				CLANG_WARN__DUPLICATE_METHOD_MATCH = YES;
				"CODE_SIGN_IDENTITY[sdk=iphoneos*]" = "iPhone Developer";
				COPY_PHASE_STRIP = NO;
				DEBUG_INFORMATION_FORMAT = "dwarf-with-dsym";
				ENABLE_NS_ASSERTIONS = NO;
				ENABLE_STRICT_OBJC_MSGSEND = YES;
				GCC_C_LANGUAGE_STANDARD = gnu99;
				GCC_NO_COMMON_BLOCKS = YES;
				GCC_WARN_64_TO_32_BIT_CONVERSION = YES;
				GCC_WARN_ABOUT_RETURN_TYPE = YES_ERROR;
				GCC_WARN_UNDECLARED_SELECTOR = YES;
				GCC_WARN_UNINITIALIZED_AUTOS = YES_AGGRESSIVE;
				GCC_WARN_UNUSED_FUNCTION = YES;
				GCC_WARN_UNUSED_VARIABLE = YES;
				IPHONEOS_DEPLOYMENT_TARGET = 9.2;
				MTL_ENABLE_DEBUG_INFO = NO;
				SDKROOT = iphoneos;
				SWIFT_OPTIMIZATION_LEVEL = "-Owholemodule";
				SWIFT_VERSION = 3.0;
				TARGETED_DEVICE_FAMILY = 2;
				VALIDATE_PRODUCT = YES;
			};
			name = Release;
		};
		A48B4DD71CF9E7C700878928 /* Debug */ = {
			isa = XCBuildConfiguration;
			baseConfigurationReference = 9F375DDA1676C302A2C3E45B /* Pods-Embraced.debug.xcconfig */;
			buildSettings = {
				ALWAYS_EMBED_SWIFT_STANDARD_LIBRARIES = YES;
				ASSETCATALOG_COMPILER_APPICON_NAME = AppIcon;
				CODE_SIGN_IDENTITY = "iPhone Developer";
				"CODE_SIGN_IDENTITY[sdk=iphoneos*]" = "iPhone Developer";
				DEVELOPMENT_TEAM = PUVE8AV9GJ;
				INFOPLIST_FILE = Embraced/Info.plist;
				LD_RUNPATH_SEARCH_PATHS = "$(inherited) @executable_path/Frameworks";
				PRODUCT_BUNDLE_IDENTIFIER = com.embraced;
				PRODUCT_NAME = "$(TARGET_NAME)";
				PROVISIONING_PROFILE = "";
				SWIFT_SWIFT3_OBJC_INFERENCE = On;
				SWIFT_VERSION = 4.0;
			};
			name = Debug;
		};
		A48B4DD81CF9E7C700878928 /* Release */ = {
			isa = XCBuildConfiguration;
			baseConfigurationReference = B5F21EB22F35905D9339A600 /* Pods-Embraced.release.xcconfig */;
			buildSettings = {
				ALWAYS_EMBED_SWIFT_STANDARD_LIBRARIES = YES;
				ASSETCATALOG_COMPILER_APPICON_NAME = AppIcon;
				CODE_SIGN_IDENTITY = "iPhone Developer";
				"CODE_SIGN_IDENTITY[sdk=iphoneos*]" = "iPhone Developer";
				DEVELOPMENT_TEAM = PUVE8AV9GJ;
				INFOPLIST_FILE = Embraced/Info.plist;
				LD_RUNPATH_SEARCH_PATHS = "$(inherited) @executable_path/Frameworks";
				PRODUCT_BUNDLE_IDENTIFIER = com.embraced;
				PRODUCT_NAME = "$(TARGET_NAME)";
				PROVISIONING_PROFILE = "";
				SWIFT_SWIFT3_OBJC_INFERENCE = On;
				SWIFT_VERSION = 4.0;
			};
			name = Release;
		};
/* End XCBuildConfiguration section */

/* Begin XCConfigurationList section */
		A48B4DBC1CF9E7C600878928 /* Build configuration list for PBXProject "Embraced" */ = {
			isa = XCConfigurationList;
			buildConfigurations = (
				A48B4DD41CF9E7C700878928 /* Debug */,
				A48B4DD51CF9E7C700878928 /* Release */,
			);
			defaultConfigurationIsVisible = 0;
			defaultConfigurationName = Release;
		};
		A48B4DD61CF9E7C700878928 /* Build configuration list for PBXNativeTarget "Embraced" */ = {
			isa = XCConfigurationList;
			buildConfigurations = (
				A48B4DD71CF9E7C700878928 /* Debug */,
				A48B4DD81CF9E7C700878928 /* Release */,
			);
			defaultConfigurationIsVisible = 0;
			defaultConfigurationName = Release;
		};
/* End XCConfigurationList section */

/* Begin XCVersionGroup section */
		A48B4DCB1CF9E7C700878928 /* Embraced.xcdatamodeld */ = {
			isa = XCVersionGroup;
			children = (
				A48B4DCC1CF9E7C700878928 /* Embraced.xcdatamodel */,
			);
			currentVersion = A48B4DCC1CF9E7C700878928 /* Embraced.xcdatamodel */;
			path = Embraced.xcdatamodeld;
			sourceTree = "<group>";
			versionGroupType = wrapper.xcdatamodel;
		};
/* End XCVersionGroup section */
	};
	rootObject = A48B4DB91CF9E7C600878928 /* Project object */;
}
